
Microsoft Visual Studio Solution File, Format Version 12.00
# Visual Studio Version 17
VisualStudioVersion = 17.2.32616.157
MinimumVisualStudioVersion = 10.0.40219.1
Project("{FAE04EC0-301F-11D3-BF4B-00C04F79EFBC}") = "DesignPattern.Flyweight", "DesignPatterns\DesignPattern.Flyweight\DesignPattern.Flyweight.csproj", "{20E6F4B1-502E-4CE2-AE3E-97E964652C43}"
EndProject
Project("{FAE04EC0-301F-11D3-BF4B-00C04F79EFBC}") = "DesignPattern.Facade", "DesignPatterns\DesignPattern.Facade\DesignPattern.Facade.csproj", "{1A6F4F65-317A-4B14-9D11-2897850B9645}"
EndProject
Project("{FAE04EC0-301F-11D3-BF4B-00C04F79EFBC}") = "DesignPattern.Decorator", "DesignPatterns\DesignPattern.Decorator\DesignPattern.Decorator.csproj", "{06CCBB4C-C6E9-4A9B-9E51-E73E453B779A}"
EndProject
Project("{FAE04EC0-301F-11D3-BF4B-00C04F79EFBC}") = "DesignPattern.Bridge", "DesignPatterns\DesignPattern.Bridge\DesignPattern.Bridge.csproj", "{19B7C907-120F-49BE-9EA7-13AAECDD148F}"
EndProject
Project("{FAE04EC0-301F-11D3-BF4B-00C04F79EFBC}") = "DesignPattern.Proxy", "DesignPatterns\DesignPattern.Proxy\DesignPattern.Proxy.csproj", "{05DA27E4-E74C-4796-AEFA-FDFD9D7F2474}"
EndProject
Project("{FAE04EC0-301F-11D3-BF4B-00C04F79EFBC}") = "DesignPattern.Adapter", "DesignPatterns\DesignPattern.Adapter\DesignPattern.Adapter.csproj", "{495E535F-ED2B-4639-89CC-FB6AAE1FFCED}"
EndProject
Project("{FAE04EC0-301F-11D3-BF4B-00C04F79EFBC}") = "POO.Polimorfismo", "POO\POO.Polimorfismo\POO.Polimorfismo.csproj", "{F4487D97-DA5D-462F-9770-287A86F14E2F}"
EndProject
Project("{2150E333-8FDC-42A3-9474-1A3956D46DE8}") = "Samples", "Samples", "{5AF1B6E2-5AF8-4DDB-8A4C-05B37F15E1C5}"
EndProject
Project("{FAE04EC0-301F-11D3-BF4B-00C04F79EFBC}") = "POO.Encapsulamento", "POO\POO.Encapsulamento\POO.Encapsulamento.csproj", "{C0969E13-2D57-47E2-8769-D7637685F313}"
EndProject
Project("{FAE04EC0-301F-11D3-BF4B-00C04F79EFBC}") = "DesignPattern.Composite", "DesignPatterns\DesignPattern.Composite\DesignPattern.Composite.csproj", "{ACD2EC67-D003-42AD-98D3-04D0FE11B943}"
EndProject
Project("{FAE04EC0-301F-11D3-BF4B-00C04F79EFBC}") = "Sample.RegularExpression", "Samples\Sample.RegularExpression\Sample.RegularExpression.csproj", "{36FC628D-7CB5-41F7-A84B-96B4FFF7EFAA}"
EndProject
Project("{FAE04EC0-301F-11D3-BF4B-00C04F79EFBC}") = "DesignPattern.Singleton", "DesignPatterns\DesignPattern.Singleton\DesignPattern.Singleton.csproj", "{DBCF9179-CEBC-4C7B-AA42-0369F4F2677C}"
EndProject
Project("{FAE04EC0-301F-11D3-BF4B-00C04F79EFBC}") = "Sample.SealedClass", "Samples\Sample.SealedClass\Sample.SealedClass.csproj", "{7A4DD095-43D8-4141-9818-A416D2B08AD6}"
EndProject
Project("{FAE04EC0-301F-11D3-BF4B-00C04F79EFBC}") = "DesignPattern.Factory", "DesignPatterns\DesignPattern.Factory\DesignPattern.Factory.csproj", "{10C9AD94-DB87-47B7-A45B-7D8389AAB3DC}"
EndProject
Project("{2150E333-8FDC-42A3-9474-1A3956D46DE8}") = "DesignPatterns", "DesignPatterns", "{86E1BE95-12FB-4394-964C-3750B38DD553}"
EndProject
Project("{FAE04EC0-301F-11D3-BF4B-00C04F79EFBC}") = "Sample.Extensions", "Samples\Sample.Extensions\Sample.Extensions.csproj", "{C416EC0E-0275-4BC2-9B4E-F921183DF4F9}"
EndProject
Project("{2150E333-8FDC-42A3-9474-1A3956D46DE8}") = "POO", "POO", "{C436C553-0FBE-485A-87A6-8C8397F6BEDB}"
EndProject
Project("{FAE04EC0-301F-11D3-BF4B-00C04F79EFBC}") = "Sample.ReflectionSample", "Samples\Sample.Reflections\Sample.ReflectionSample.csproj", "{D50D1E8A-C3EE-4CBB-BDF3-7BA0E090C147}"
EndProject
Project("{FAE04EC0-301F-11D3-BF4B-00C04F79EFBC}") = "DesignPattern.Mediator", "DesignPatterns\DesignPattern.Mediator\DesignPattern.Mediator.csproj", "{8CC0B98B-8C55-46AD-8F7D-5343BE9B24B0}"
EndProject
Project("{FAE04EC0-301F-11D3-BF4B-00C04F79EFBC}") = "Sample.Aleatorios", "Samples\Sample.Aleatorios\Sample.Aleatorios.csproj", "{3BC33995-903B-4664-A3B2-4452B5AFD402}"
EndProject
Project("{FAE04EC0-301F-11D3-BF4B-00C04F79EFBC}") = "DesignPattern.ChainOfResponsability", "DesignPatterns\DesignPattern.ChainOfResponsability\DesignPattern.ChainOfResponsability.csproj", "{B52A1441-064D-47C2-83EF-CE566A979843}"
EndProject
Project("{FAE04EC0-301F-11D3-BF4B-00C04F79EFBC}") = "Sample.Generics", "Samples\Sample.Generics\Sample.Generics.csproj", "{CD2403C1-EED6-42AD-9664-22247A5B04DC}"
EndProject
Project("{FAE04EC0-301F-11D3-BF4B-00C04F79EFBC}") = "Sample.RemoveFromList", "Samples\Sample.RemoveFromList\Sample.RemoveFromList.csproj", "{CCB917CD-E565-4385-B26C-7DC2E3A1D39B}"
EndProject
Project("{FAE04EC0-301F-11D3-BF4B-00C04F79EFBC}") = "Sample.ForParallel", "Samples\Sample.ForParallel\Sample.ForParallel.csproj", "{F5006B59-BF29-4798-849E-07C2E96FE025}"
EndProject
Project("{FAE04EC0-301F-11D3-BF4B-00C04F79EFBC}") = "Sample.CodeContracts", "Sample.CodeContracts\Sample.CodeContracts.csproj", "{203B66E5-DD70-42D6-AE62-FB0206149D6F}"
EndProject
Project("{FAE04EC0-301F-11D3-BF4B-00C04F79EFBC}") = "Samples.EntityFramework.Validation", "Samples\Samples.EntityFramework.Validation\Samples.EntityFramework.Validation.csproj", "{23A79B65-0AB7-4A5A-8631-DF9EB1828CE2}"
EndProject
Project("{FAE04EC0-301F-11D3-BF4B-00C04F79EFBC}") = "Sample.AnaliseCombinatoria", "Samples\Sample.AnaliseCombinatoria\Sample.AnaliseCombinatoria.csproj", "{C9228C39-7BC6-4F5A-BA60-6566A19D6305}"
EndProject
Project("{FAE04EC0-301F-11D3-BF4B-00C04F79EFBC}") = "ProgressBarColor", "ProgressBarColor\ProgressBarColor.csproj", "{86DF9971-AB39-4C2F-9ECB-187C76F75441}"
EndProject
Project("{2150E333-8FDC-42A3-9474-1A3956D46DE8}") = "SamplesWinForms", "SamplesWinForms", "{6D35FA4B-E622-4111-A157-FC62E6D81093}"
EndProject
Project("{FAE04EC0-301F-11D3-BF4B-00C04F79EFBC}") = "SampleWinForms.CombinacaoBinomial", "SampleWinForms.CombinacaoBinomial\SampleWinForms.CombinacaoBinomial.csproj", "{B6415C4D-C2CB-4096-84D2-2033F46507B4}"
EndProject
Project("{FAE04EC0-301F-11D3-BF4B-00C04F79EFBC}") = "Sample.UsandoClosedXml", "Sample.UsandoClosedXml\Sample.UsandoClosedXml.csproj", "{56015839-D3D1-4F1D-A088-B8C4964E67B7}"
EndProject
Project("{FAE04EC0-301F-11D3-BF4B-00C04F79EFBC}") = "DesignPattern.Observer", "DesignPatterns\DesignPattern.Observer\DesignPattern.Observer.csproj", "{32232EFB-F01D-4722-8F32-BC03B379F545}"
EndProject
Project("{FAE04EC0-301F-11D3-BF4B-00C04F79EFBC}") = "DesignPattern.ObserverII", "DesignPatterns\DesignPattern.ObserverII\DesignPattern.ObserverII.csproj", "{134A8F7D-43E0-4984-8CDB-CCCFE7C6AC03}"
EndProject
Project("{9A19103F-16F7-4668-BE54-9A1E7A4F7556}") = "Sample.CustomConfigutarionCore", "Samples\Sample.CustomConfigutarionCore\Sample.CustomConfigutarionCore.csproj", "{1B8F327E-0F57-4288-B084-2FD916392B7B}"
EndProject
Project("{9A19103F-16F7-4668-BE54-9A1E7A4F7556}") = "Sample.CRUDSQLite", "Samples\Sample.CRUDSQLite\Sample.CRUDSQLite.csproj", "{327F9261-2FB8-46A0-AC9A-3369EB396D62}"
EndProject
Project("{9A19103F-16F7-4668-BE54-9A1E7A4F7556}") = "Sample.CRUDSQLiteEFCore", "Samples\Sample.CRUDSQLiteEFCore\Sample.CRUDSQLiteEFCore.csproj", "{F2B5E308-F5F2-4F22-B6B5-24A880C4FD3E}"
EndProject
Project("{9A19103F-16F7-4668-BE54-9A1E7A4F7556}") = "Sample.CRUDLiteDB", "Samples\Sample.CRUDLiteDB\Sample.CRUDLiteDB.csproj", "{6CF1CF5D-240C-427D-9F4A-8D6A9EB42116}"
EndProject
Project("{FAE04EC0-301F-11D3-BF4B-00C04F79EFBC}") = "SalvarArquivosBanco", "Samples\SalvarArquivosBanco\SalvarArquivosBanco\SalvarArquivosBanco.csproj", "{E7CC90A4-0A97-444D-ABC6-75E0B45CD49C}"
EndProject
Project("{FAE04EC0-301F-11D3-BF4B-00C04F79EFBC}") = "RegEditW", "Samples\RegEditW\RegEditW.csproj", "{2E629CF2-00DB-43C9-967B-6FF58EA5697F}"
EndProject
Project("{FAE04EC0-301F-11D3-BF4B-00C04F79EFBC}") = "XmlToObject", "Samples\XmlToObject\XmlToObject.csproj", "{12A542FA-50CE-44E5-8BF0-13A4BE7BAD68}"
EndProject
Project("{9A19103F-16F7-4668-BE54-9A1E7A4F7556}") = "DesignPattern.TemplateMethod", "DesignPatterns\DesignPattern.TemplateMethod\DesignPattern.TemplateMethod.csproj", "{E5E72357-4944-4B5C-BFF7-742C8FD31D91}"
EndProject
Project("{9A19103F-16F7-4668-BE54-9A1E7A4F7556}") = "Sample.BitCompare", "Samples\Sample.BitCompare\Sample.BitCompare.csproj", "{989A8A8D-9799-4F7F-AAAB-D3178E722C7C}"
EndProject
Project("{9A19103F-16F7-4668-BE54-9A1E7A4F7556}") = "Samples.CheckSumCRC", "Samples\Samples.CheckSumCRC\Samples.CheckSumCRC.csproj", "{C3572DD6-D3E0-4560-9030-D9C57C1E413D}"
EndProject
Project("{FAE04EC0-301F-11D3-BF4B-00C04F79EFBC}") = "Sample.DependencyInjection", "Samples\Sample.DependencyInjection\Sample.DependencyInjection.csproj", "{B3852879-80D1-4456-AE18-D1BD472226B7}"
EndProject
Global
	GlobalSection(SolutionConfigurationPlatforms) = preSolution
		Debug|Any CPU = Debug|Any CPU
		Debug|ARM = Debug|ARM
		Debug|Mixed Platforms = Debug|Mixed Platforms
		Debug|x64 = Debug|x64
		Debug|x86 = Debug|x86
		Release|Any CPU = Release|Any CPU
		Release|ARM = Release|ARM
		Release|Mixed Platforms = Release|Mixed Platforms
		Release|x64 = Release|x64
		Release|x86 = Release|x86
	EndGlobalSection
	GlobalSection(ProjectConfigurationPlatforms) = postSolution
		{20E6F4B1-502E-4CE2-AE3E-97E964652C43}.Debug|Any CPU.ActiveCfg = Debug|x86
		{20E6F4B1-502E-4CE2-AE3E-97E964652C43}.Debug|ARM.ActiveCfg = Debug|x86
		{20E6F4B1-502E-4CE2-AE3E-97E964652C43}.Debug|Mixed Platforms.ActiveCfg = Debug|x86
		{20E6F4B1-502E-4CE2-AE3E-97E964652C43}.Debug|Mixed Platforms.Build.0 = Debug|x86
		{20E6F4B1-502E-4CE2-AE3E-97E964652C43}.Debug|x64.ActiveCfg = Debug|x86
		{20E6F4B1-502E-4CE2-AE3E-97E964652C43}.Debug|x86.ActiveCfg = Debug|x86
		{20E6F4B1-502E-4CE2-AE3E-97E964652C43}.Debug|x86.Build.0 = Debug|x86
		{20E6F4B1-502E-4CE2-AE3E-97E964652C43}.Release|Any CPU.ActiveCfg = Release|x86
		{20E6F4B1-502E-4CE2-AE3E-97E964652C43}.Release|ARM.ActiveCfg = Release|x86
		{20E6F4B1-502E-4CE2-AE3E-97E964652C43}.Release|Mixed Platforms.ActiveCfg = Release|x86
		{20E6F4B1-502E-4CE2-AE3E-97E964652C43}.Release|Mixed Platforms.Build.0 = Release|x86
		{20E6F4B1-502E-4CE2-AE3E-97E964652C43}.Release|x64.ActiveCfg = Release|x86
		{20E6F4B1-502E-4CE2-AE3E-97E964652C43}.Release|x86.ActiveCfg = Release|x86
		{20E6F4B1-502E-4CE2-AE3E-97E964652C43}.Release|x86.Build.0 = Release|x86
		{1A6F4F65-317A-4B14-9D11-2897850B9645}.Debug|Any CPU.ActiveCfg = Debug|x86
		{1A6F4F65-317A-4B14-9D11-2897850B9645}.Debug|ARM.ActiveCfg = Debug|x86
		{1A6F4F65-317A-4B14-9D11-2897850B9645}.Debug|Mixed Platforms.ActiveCfg = Debug|x86
		{1A6F4F65-317A-4B14-9D11-2897850B9645}.Debug|Mixed Platforms.Build.0 = Debug|x86
		{1A6F4F65-317A-4B14-9D11-2897850B9645}.Debug|x64.ActiveCfg = Debug|x86
		{1A6F4F65-317A-4B14-9D11-2897850B9645}.Debug|x86.ActiveCfg = Debug|x86
		{1A6F4F65-317A-4B14-9D11-2897850B9645}.Debug|x86.Build.0 = Debug|x86
		{1A6F4F65-317A-4B14-9D11-2897850B9645}.Release|Any CPU.ActiveCfg = Release|x86
		{1A6F4F65-317A-4B14-9D11-2897850B9645}.Release|ARM.ActiveCfg = Release|x86
		{1A6F4F65-317A-4B14-9D11-2897850B9645}.Release|Mixed Platforms.ActiveCfg = Release|x86
		{1A6F4F65-317A-4B14-9D11-2897850B9645}.Release|Mixed Platforms.Build.0 = Release|x86
		{1A6F4F65-317A-4B14-9D11-2897850B9645}.Release|x64.ActiveCfg = Release|x86
		{1A6F4F65-317A-4B14-9D11-2897850B9645}.Release|x86.ActiveCfg = Release|x86
		{1A6F4F65-317A-4B14-9D11-2897850B9645}.Release|x86.Build.0 = Release|x86
		{06CCBB4C-C6E9-4A9B-9E51-E73E453B779A}.Debug|Any CPU.ActiveCfg = Debug|x86
		{06CCBB4C-C6E9-4A9B-9E51-E73E453B779A}.Debug|ARM.ActiveCfg = Debug|x86
		{06CCBB4C-C6E9-4A9B-9E51-E73E453B779A}.Debug|Mixed Platforms.ActiveCfg = Debug|x86
		{06CCBB4C-C6E9-4A9B-9E51-E73E453B779A}.Debug|Mixed Platforms.Build.0 = Debug|x86
		{06CCBB4C-C6E9-4A9B-9E51-E73E453B779A}.Debug|x64.ActiveCfg = Debug|x86
		{06CCBB4C-C6E9-4A9B-9E51-E73E453B779A}.Debug|x86.ActiveCfg = Debug|x86
		{06CCBB4C-C6E9-4A9B-9E51-E73E453B779A}.Debug|x86.Build.0 = Debug|x86
		{06CCBB4C-C6E9-4A9B-9E51-E73E453B779A}.Release|Any CPU.ActiveCfg = Release|x86
		{06CCBB4C-C6E9-4A9B-9E51-E73E453B779A}.Release|ARM.ActiveCfg = Release|x86
		{06CCBB4C-C6E9-4A9B-9E51-E73E453B779A}.Release|Mixed Platforms.ActiveCfg = Release|x86
		{06CCBB4C-C6E9-4A9B-9E51-E73E453B779A}.Release|Mixed Platforms.Build.0 = Release|x86
		{06CCBB4C-C6E9-4A9B-9E51-E73E453B779A}.Release|x64.ActiveCfg = Release|x86
		{06CCBB4C-C6E9-4A9B-9E51-E73E453B779A}.Release|x86.ActiveCfg = Release|x86
		{06CCBB4C-C6E9-4A9B-9E51-E73E453B779A}.Release|x86.Build.0 = Release|x86
		{19B7C907-120F-49BE-9EA7-13AAECDD148F}.Debug|Any CPU.ActiveCfg = Debug|x86
		{19B7C907-120F-49BE-9EA7-13AAECDD148F}.Debug|ARM.ActiveCfg = Debug|x86
		{19B7C907-120F-49BE-9EA7-13AAECDD148F}.Debug|Mixed Platforms.ActiveCfg = Debug|x86
		{19B7C907-120F-49BE-9EA7-13AAECDD148F}.Debug|Mixed Platforms.Build.0 = Debug|x86
		{19B7C907-120F-49BE-9EA7-13AAECDD148F}.Debug|x64.ActiveCfg = Debug|x86
		{19B7C907-120F-49BE-9EA7-13AAECDD148F}.Debug|x86.ActiveCfg = Debug|x86
		{19B7C907-120F-49BE-9EA7-13AAECDD148F}.Debug|x86.Build.0 = Debug|x86
		{19B7C907-120F-49BE-9EA7-13AAECDD148F}.Release|Any CPU.ActiveCfg = Release|x86
		{19B7C907-120F-49BE-9EA7-13AAECDD148F}.Release|ARM.ActiveCfg = Release|x86
		{19B7C907-120F-49BE-9EA7-13AAECDD148F}.Release|Mixed Platforms.ActiveCfg = Release|x86
		{19B7C907-120F-49BE-9EA7-13AAECDD148F}.Release|Mixed Platforms.Build.0 = Release|x86
		{19B7C907-120F-49BE-9EA7-13AAECDD148F}.Release|x64.ActiveCfg = Release|x86
		{19B7C907-120F-49BE-9EA7-13AAECDD148F}.Release|x86.ActiveCfg = Release|x86
		{19B7C907-120F-49BE-9EA7-13AAECDD148F}.Release|x86.Build.0 = Release|x86
		{05DA27E4-E74C-4796-AEFA-FDFD9D7F2474}.Debug|Any CPU.ActiveCfg = Debug|x86
		{05DA27E4-E74C-4796-AEFA-FDFD9D7F2474}.Debug|ARM.ActiveCfg = Debug|x86
		{05DA27E4-E74C-4796-AEFA-FDFD9D7F2474}.Debug|Mixed Platforms.ActiveCfg = Debug|x86
		{05DA27E4-E74C-4796-AEFA-FDFD9D7F2474}.Debug|Mixed Platforms.Build.0 = Debug|x86
		{05DA27E4-E74C-4796-AEFA-FDFD9D7F2474}.Debug|x64.ActiveCfg = Debug|x86
		{05DA27E4-E74C-4796-AEFA-FDFD9D7F2474}.Debug|x86.ActiveCfg = Debug|x86
		{05DA27E4-E74C-4796-AEFA-FDFD9D7F2474}.Debug|x86.Build.0 = Debug|x86
		{05DA27E4-E74C-4796-AEFA-FDFD9D7F2474}.Release|Any CPU.ActiveCfg = Release|x86
		{05DA27E4-E74C-4796-AEFA-FDFD9D7F2474}.Release|ARM.ActiveCfg = Release|x86
		{05DA27E4-E74C-4796-AEFA-FDFD9D7F2474}.Release|Mixed Platforms.ActiveCfg = Release|x86
		{05DA27E4-E74C-4796-AEFA-FDFD9D7F2474}.Release|Mixed Platforms.Build.0 = Release|x86
		{05DA27E4-E74C-4796-AEFA-FDFD9D7F2474}.Release|x64.ActiveCfg = Release|x86
		{05DA27E4-E74C-4796-AEFA-FDFD9D7F2474}.Release|x86.ActiveCfg = Release|x86
		{05DA27E4-E74C-4796-AEFA-FDFD9D7F2474}.Release|x86.Build.0 = Release|x86
		{495E535F-ED2B-4639-89CC-FB6AAE1FFCED}.Debug|Any CPU.ActiveCfg = Debug|x86
		{495E535F-ED2B-4639-89CC-FB6AAE1FFCED}.Debug|ARM.ActiveCfg = Debug|x86
		{495E535F-ED2B-4639-89CC-FB6AAE1FFCED}.Debug|Mixed Platforms.ActiveCfg = Debug|x86
		{495E535F-ED2B-4639-89CC-FB6AAE1FFCED}.Debug|Mixed Platforms.Build.0 = Debug|x86
		{495E535F-ED2B-4639-89CC-FB6AAE1FFCED}.Debug|x64.ActiveCfg = Debug|x86
		{495E535F-ED2B-4639-89CC-FB6AAE1FFCED}.Debug|x86.ActiveCfg = Debug|x86
		{495E535F-ED2B-4639-89CC-FB6AAE1FFCED}.Debug|x86.Build.0 = Debug|x86
		{495E535F-ED2B-4639-89CC-FB6AAE1FFCED}.Release|Any CPU.ActiveCfg = Release|x86
		{495E535F-ED2B-4639-89CC-FB6AAE1FFCED}.Release|ARM.ActiveCfg = Release|x86
		{495E535F-ED2B-4639-89CC-FB6AAE1FFCED}.Release|Mixed Platforms.ActiveCfg = Release|x86
		{495E535F-ED2B-4639-89CC-FB6AAE1FFCED}.Release|Mixed Platforms.Build.0 = Release|x86
		{495E535F-ED2B-4639-89CC-FB6AAE1FFCED}.Release|x64.ActiveCfg = Release|x86
		{495E535F-ED2B-4639-89CC-FB6AAE1FFCED}.Release|x86.ActiveCfg = Release|x86
		{495E535F-ED2B-4639-89CC-FB6AAE1FFCED}.Release|x86.Build.0 = Release|x86
		{F4487D97-DA5D-462F-9770-287A86F14E2F}.Debug|Any CPU.ActiveCfg = Debug|x86
		{F4487D97-DA5D-462F-9770-287A86F14E2F}.Debug|ARM.ActiveCfg = Debug|x86
		{F4487D97-DA5D-462F-9770-287A86F14E2F}.Debug|Mixed Platforms.ActiveCfg = Debug|x86
		{F4487D97-DA5D-462F-9770-287A86F14E2F}.Debug|Mixed Platforms.Build.0 = Debug|x86
		{F4487D97-DA5D-462F-9770-287A86F14E2F}.Debug|x64.ActiveCfg = Debug|x86
		{F4487D97-DA5D-462F-9770-287A86F14E2F}.Debug|x86.ActiveCfg = Debug|x86
		{F4487D97-DA5D-462F-9770-287A86F14E2F}.Debug|x86.Build.0 = Debug|x86
		{F4487D97-DA5D-462F-9770-287A86F14E2F}.Release|Any CPU.ActiveCfg = Release|x86
		{F4487D97-DA5D-462F-9770-287A86F14E2F}.Release|ARM.ActiveCfg = Release|x86
		{F4487D97-DA5D-462F-9770-287A86F14E2F}.Release|Mixed Platforms.ActiveCfg = Release|x86
		{F4487D97-DA5D-462F-9770-287A86F14E2F}.Release|Mixed Platforms.Build.0 = Release|x86
		{F4487D97-DA5D-462F-9770-287A86F14E2F}.Release|x64.ActiveCfg = Release|x86
		{F4487D97-DA5D-462F-9770-287A86F14E2F}.Release|x86.ActiveCfg = Release|x86
		{F4487D97-DA5D-462F-9770-287A86F14E2F}.Release|x86.Build.0 = Release|x86
		{C0969E13-2D57-47E2-8769-D7637685F313}.Debug|Any CPU.ActiveCfg = Debug|x86
		{C0969E13-2D57-47E2-8769-D7637685F313}.Debug|ARM.ActiveCfg = Debug|x86
		{C0969E13-2D57-47E2-8769-D7637685F313}.Debug|Mixed Platforms.ActiveCfg = Debug|x86
		{C0969E13-2D57-47E2-8769-D7637685F313}.Debug|Mixed Platforms.Build.0 = Debug|x86
		{C0969E13-2D57-47E2-8769-D7637685F313}.Debug|x64.ActiveCfg = Debug|x86
		{C0969E13-2D57-47E2-8769-D7637685F313}.Debug|x86.ActiveCfg = Debug|x86
		{C0969E13-2D57-47E2-8769-D7637685F313}.Debug|x86.Build.0 = Debug|x86
		{C0969E13-2D57-47E2-8769-D7637685F313}.Release|Any CPU.ActiveCfg = Release|x86
		{C0969E13-2D57-47E2-8769-D7637685F313}.Release|ARM.ActiveCfg = Release|x86
		{C0969E13-2D57-47E2-8769-D7637685F313}.Release|Mixed Platforms.ActiveCfg = Release|x86
		{C0969E13-2D57-47E2-8769-D7637685F313}.Release|Mixed Platforms.Build.0 = Release|x86
		{C0969E13-2D57-47E2-8769-D7637685F313}.Release|x64.ActiveCfg = Release|x86
		{C0969E13-2D57-47E2-8769-D7637685F313}.Release|x86.ActiveCfg = Release|x86
		{C0969E13-2D57-47E2-8769-D7637685F313}.Release|x86.Build.0 = Release|x86
		{ACD2EC67-D003-42AD-98D3-04D0FE11B943}.Debug|Any CPU.ActiveCfg = Debug|x86
		{ACD2EC67-D003-42AD-98D3-04D0FE11B943}.Debug|ARM.ActiveCfg = Debug|x86
		{ACD2EC67-D003-42AD-98D3-04D0FE11B943}.Debug|Mixed Platforms.ActiveCfg = Debug|x86
		{ACD2EC67-D003-42AD-98D3-04D0FE11B943}.Debug|Mixed Platforms.Build.0 = Debug|x86
		{ACD2EC67-D003-42AD-98D3-04D0FE11B943}.Debug|x64.ActiveCfg = Debug|x86
		{ACD2EC67-D003-42AD-98D3-04D0FE11B943}.Debug|x86.ActiveCfg = Debug|x86
		{ACD2EC67-D003-42AD-98D3-04D0FE11B943}.Debug|x86.Build.0 = Debug|x86
		{ACD2EC67-D003-42AD-98D3-04D0FE11B943}.Release|Any CPU.ActiveCfg = Release|x86
		{ACD2EC67-D003-42AD-98D3-04D0FE11B943}.Release|ARM.ActiveCfg = Release|x86
		{ACD2EC67-D003-42AD-98D3-04D0FE11B943}.Release|Mixed Platforms.ActiveCfg = Release|x86
		{ACD2EC67-D003-42AD-98D3-04D0FE11B943}.Release|Mixed Platforms.Build.0 = Release|x86
		{ACD2EC67-D003-42AD-98D3-04D0FE11B943}.Release|x64.ActiveCfg = Release|x86
		{ACD2EC67-D003-42AD-98D3-04D0FE11B943}.Release|x86.ActiveCfg = Release|x86
		{ACD2EC67-D003-42AD-98D3-04D0FE11B943}.Release|x86.Build.0 = Release|x86
		{36FC628D-7CB5-41F7-A84B-96B4FFF7EFAA}.Debug|Any CPU.ActiveCfg = Debug|x86
		{36FC628D-7CB5-41F7-A84B-96B4FFF7EFAA}.Debug|ARM.ActiveCfg = Debug|x86
		{36FC628D-7CB5-41F7-A84B-96B4FFF7EFAA}.Debug|Mixed Platforms.ActiveCfg = Debug|x86
		{36FC628D-7CB5-41F7-A84B-96B4FFF7EFAA}.Debug|Mixed Platforms.Build.0 = Debug|x86
		{36FC628D-7CB5-41F7-A84B-96B4FFF7EFAA}.Debug|x64.ActiveCfg = Debug|x86
		{36FC628D-7CB5-41F7-A84B-96B4FFF7EFAA}.Debug|x86.ActiveCfg = Debug|x86
		{36FC628D-7CB5-41F7-A84B-96B4FFF7EFAA}.Debug|x86.Build.0 = Debug|x86
		{36FC628D-7CB5-41F7-A84B-96B4FFF7EFAA}.Release|Any CPU.ActiveCfg = Release|x86
		{36FC628D-7CB5-41F7-A84B-96B4FFF7EFAA}.Release|ARM.ActiveCfg = Release|x86
		{36FC628D-7CB5-41F7-A84B-96B4FFF7EFAA}.Release|Mixed Platforms.ActiveCfg = Release|x86
		{36FC628D-7CB5-41F7-A84B-96B4FFF7EFAA}.Release|Mixed Platforms.Build.0 = Release|x86
		{36FC628D-7CB5-41F7-A84B-96B4FFF7EFAA}.Release|x64.ActiveCfg = Release|x86
		{36FC628D-7CB5-41F7-A84B-96B4FFF7EFAA}.Release|x86.ActiveCfg = Release|x86
		{36FC628D-7CB5-41F7-A84B-96B4FFF7EFAA}.Release|x86.Build.0 = Release|x86
		{DBCF9179-CEBC-4C7B-AA42-0369F4F2677C}.Debug|Any CPU.ActiveCfg = Debug|x86
		{DBCF9179-CEBC-4C7B-AA42-0369F4F2677C}.Debug|ARM.ActiveCfg = Debug|x86
		{DBCF9179-CEBC-4C7B-AA42-0369F4F2677C}.Debug|Mixed Platforms.ActiveCfg = Debug|x86
		{DBCF9179-CEBC-4C7B-AA42-0369F4F2677C}.Debug|Mixed Platforms.Build.0 = Debug|x86
		{DBCF9179-CEBC-4C7B-AA42-0369F4F2677C}.Debug|x64.ActiveCfg = Debug|x86
		{DBCF9179-CEBC-4C7B-AA42-0369F4F2677C}.Debug|x86.ActiveCfg = Debug|x86
		{DBCF9179-CEBC-4C7B-AA42-0369F4F2677C}.Debug|x86.Build.0 = Debug|x86
		{DBCF9179-CEBC-4C7B-AA42-0369F4F2677C}.Release|Any CPU.ActiveCfg = Release|x86
		{DBCF9179-CEBC-4C7B-AA42-0369F4F2677C}.Release|ARM.ActiveCfg = Release|x86
		{DBCF9179-CEBC-4C7B-AA42-0369F4F2677C}.Release|Mixed Platforms.ActiveCfg = Release|x86
		{DBCF9179-CEBC-4C7B-AA42-0369F4F2677C}.Release|Mixed Platforms.Build.0 = Release|x86
		{DBCF9179-CEBC-4C7B-AA42-0369F4F2677C}.Release|x64.ActiveCfg = Release|x86
		{DBCF9179-CEBC-4C7B-AA42-0369F4F2677C}.Release|x86.ActiveCfg = Release|x86
		{DBCF9179-CEBC-4C7B-AA42-0369F4F2677C}.Release|x86.Build.0 = Release|x86
		{7A4DD095-43D8-4141-9818-A416D2B08AD6}.Debug|Any CPU.ActiveCfg = Debug|x86
		{7A4DD095-43D8-4141-9818-A416D2B08AD6}.Debug|ARM.ActiveCfg = Debug|x86
		{7A4DD095-43D8-4141-9818-A416D2B08AD6}.Debug|Mixed Platforms.ActiveCfg = Debug|x86
		{7A4DD095-43D8-4141-9818-A416D2B08AD6}.Debug|Mixed Platforms.Build.0 = Debug|x86
		{7A4DD095-43D8-4141-9818-A416D2B08AD6}.Debug|x64.ActiveCfg = Debug|x86
		{7A4DD095-43D8-4141-9818-A416D2B08AD6}.Debug|x86.ActiveCfg = Debug|x86
		{7A4DD095-43D8-4141-9818-A416D2B08AD6}.Debug|x86.Build.0 = Debug|x86
		{7A4DD095-43D8-4141-9818-A416D2B08AD6}.Release|Any CPU.ActiveCfg = Release|x86
		{7A4DD095-43D8-4141-9818-A416D2B08AD6}.Release|ARM.ActiveCfg = Release|x86
		{7A4DD095-43D8-4141-9818-A416D2B08AD6}.Release|Mixed Platforms.ActiveCfg = Release|x86
		{7A4DD095-43D8-4141-9818-A416D2B08AD6}.Release|Mixed Platforms.Build.0 = Release|x86
		{7A4DD095-43D8-4141-9818-A416D2B08AD6}.Release|x64.ActiveCfg = Release|x86
		{7A4DD095-43D8-4141-9818-A416D2B08AD6}.Release|x86.ActiveCfg = Release|x86
		{7A4DD095-43D8-4141-9818-A416D2B08AD6}.Release|x86.Build.0 = Release|x86
		{10C9AD94-DB87-47B7-A45B-7D8389AAB3DC}.Debug|Any CPU.ActiveCfg = Debug|x86
		{10C9AD94-DB87-47B7-A45B-7D8389AAB3DC}.Debug|ARM.ActiveCfg = Debug|x86
		{10C9AD94-DB87-47B7-A45B-7D8389AAB3DC}.Debug|Mixed Platforms.ActiveCfg = Debug|x86
		{10C9AD94-DB87-47B7-A45B-7D8389AAB3DC}.Debug|Mixed Platforms.Build.0 = Debug|x86
		{10C9AD94-DB87-47B7-A45B-7D8389AAB3DC}.Debug|x64.ActiveCfg = Debug|x86
		{10C9AD94-DB87-47B7-A45B-7D8389AAB3DC}.Debug|x86.ActiveCfg = Debug|x86
		{10C9AD94-DB87-47B7-A45B-7D8389AAB3DC}.Debug|x86.Build.0 = Debug|x86
		{10C9AD94-DB87-47B7-A45B-7D8389AAB3DC}.Release|Any CPU.ActiveCfg = Release|x86
		{10C9AD94-DB87-47B7-A45B-7D8389AAB3DC}.Release|ARM.ActiveCfg = Release|x86
		{10C9AD94-DB87-47B7-A45B-7D8389AAB3DC}.Release|Mixed Platforms.ActiveCfg = Release|x86
		{10C9AD94-DB87-47B7-A45B-7D8389AAB3DC}.Release|Mixed Platforms.Build.0 = Release|x86
		{10C9AD94-DB87-47B7-A45B-7D8389AAB3DC}.Release|x64.ActiveCfg = Release|x86
		{10C9AD94-DB87-47B7-A45B-7D8389AAB3DC}.Release|x86.ActiveCfg = Release|x86
		{10C9AD94-DB87-47B7-A45B-7D8389AAB3DC}.Release|x86.Build.0 = Release|x86
		{C416EC0E-0275-4BC2-9B4E-F921183DF4F9}.Debug|Any CPU.ActiveCfg = Debug|x86
		{C416EC0E-0275-4BC2-9B4E-F921183DF4F9}.Debug|ARM.ActiveCfg = Debug|x86
		{C416EC0E-0275-4BC2-9B4E-F921183DF4F9}.Debug|Mixed Platforms.ActiveCfg = Debug|x86
		{C416EC0E-0275-4BC2-9B4E-F921183DF4F9}.Debug|Mixed Platforms.Build.0 = Debug|x86
		{C416EC0E-0275-4BC2-9B4E-F921183DF4F9}.Debug|x64.ActiveCfg = Debug|x86
		{C416EC0E-0275-4BC2-9B4E-F921183DF4F9}.Debug|x86.ActiveCfg = Debug|x86
		{C416EC0E-0275-4BC2-9B4E-F921183DF4F9}.Debug|x86.Build.0 = Debug|x86
		{C416EC0E-0275-4BC2-9B4E-F921183DF4F9}.Release|Any CPU.ActiveCfg = Release|x86
		{C416EC0E-0275-4BC2-9B4E-F921183DF4F9}.Release|ARM.ActiveCfg = Release|x86
		{C416EC0E-0275-4BC2-9B4E-F921183DF4F9}.Release|Mixed Platforms.ActiveCfg = Release|x86
		{C416EC0E-0275-4BC2-9B4E-F921183DF4F9}.Release|Mixed Platforms.Build.0 = Release|x86
		{C416EC0E-0275-4BC2-9B4E-F921183DF4F9}.Release|x64.ActiveCfg = Release|x86
		{C416EC0E-0275-4BC2-9B4E-F921183DF4F9}.Release|x86.ActiveCfg = Release|x86
		{C416EC0E-0275-4BC2-9B4E-F921183DF4F9}.Release|x86.Build.0 = Release|x86
		{D50D1E8A-C3EE-4CBB-BDF3-7BA0E090C147}.Debug|Any CPU.ActiveCfg = Debug|x86
		{D50D1E8A-C3EE-4CBB-BDF3-7BA0E090C147}.Debug|ARM.ActiveCfg = Debug|x86
		{D50D1E8A-C3EE-4CBB-BDF3-7BA0E090C147}.Debug|Mixed Platforms.ActiveCfg = Debug|x86
		{D50D1E8A-C3EE-4CBB-BDF3-7BA0E090C147}.Debug|Mixed Platforms.Build.0 = Debug|x86
		{D50D1E8A-C3EE-4CBB-BDF3-7BA0E090C147}.Debug|x64.ActiveCfg = Debug|x86
		{D50D1E8A-C3EE-4CBB-BDF3-7BA0E090C147}.Debug|x86.ActiveCfg = Debug|x86
		{D50D1E8A-C3EE-4CBB-BDF3-7BA0E090C147}.Debug|x86.Build.0 = Debug|x86
		{D50D1E8A-C3EE-4CBB-BDF3-7BA0E090C147}.Release|Any CPU.ActiveCfg = Release|x86
		{D50D1E8A-C3EE-4CBB-BDF3-7BA0E090C147}.Release|ARM.ActiveCfg = Release|x86
		{D50D1E8A-C3EE-4CBB-BDF3-7BA0E090C147}.Release|Mixed Platforms.ActiveCfg = Release|x86
		{D50D1E8A-C3EE-4CBB-BDF3-7BA0E090C147}.Release|Mixed Platforms.Build.0 = Release|x86
		{D50D1E8A-C3EE-4CBB-BDF3-7BA0E090C147}.Release|x64.ActiveCfg = Release|x86
		{D50D1E8A-C3EE-4CBB-BDF3-7BA0E090C147}.Release|x86.ActiveCfg = Release|x86
		{D50D1E8A-C3EE-4CBB-BDF3-7BA0E090C147}.Release|x86.Build.0 = Release|x86
		{8CC0B98B-8C55-46AD-8F7D-5343BE9B24B0}.Debug|Any CPU.ActiveCfg = Debug|x86
		{8CC0B98B-8C55-46AD-8F7D-5343BE9B24B0}.Debug|ARM.ActiveCfg = Debug|x86
		{8CC0B98B-8C55-46AD-8F7D-5343BE9B24B0}.Debug|Mixed Platforms.ActiveCfg = Debug|x86
		{8CC0B98B-8C55-46AD-8F7D-5343BE9B24B0}.Debug|Mixed Platforms.Build.0 = Debug|x86
		{8CC0B98B-8C55-46AD-8F7D-5343BE9B24B0}.Debug|x64.ActiveCfg = Debug|x86
		{8CC0B98B-8C55-46AD-8F7D-5343BE9B24B0}.Debug|x86.ActiveCfg = Debug|x86
		{8CC0B98B-8C55-46AD-8F7D-5343BE9B24B0}.Debug|x86.Build.0 = Debug|x86
		{8CC0B98B-8C55-46AD-8F7D-5343BE9B24B0}.Release|Any CPU.ActiveCfg = Release|x86
		{8CC0B98B-8C55-46AD-8F7D-5343BE9B24B0}.Release|ARM.ActiveCfg = Release|x86
		{8CC0B98B-8C55-46AD-8F7D-5343BE9B24B0}.Release|Mixed Platforms.ActiveCfg = Release|x86
		{8CC0B98B-8C55-46AD-8F7D-5343BE9B24B0}.Release|Mixed Platforms.Build.0 = Release|x86
		{8CC0B98B-8C55-46AD-8F7D-5343BE9B24B0}.Release|x64.ActiveCfg = Release|x86
		{8CC0B98B-8C55-46AD-8F7D-5343BE9B24B0}.Release|x86.ActiveCfg = Release|x86
		{8CC0B98B-8C55-46AD-8F7D-5343BE9B24B0}.Release|x86.Build.0 = Release|x86
		{3BC33995-903B-4664-A3B2-4452B5AFD402}.Debug|Any CPU.ActiveCfg = Debug|x86
		{3BC33995-903B-4664-A3B2-4452B5AFD402}.Debug|ARM.ActiveCfg = Debug|x86
		{3BC33995-903B-4664-A3B2-4452B5AFD402}.Debug|Mixed Platforms.ActiveCfg = Debug|x86
		{3BC33995-903B-4664-A3B2-4452B5AFD402}.Debug|Mixed Platforms.Build.0 = Debug|x86
		{3BC33995-903B-4664-A3B2-4452B5AFD402}.Debug|x64.ActiveCfg = Debug|x86
		{3BC33995-903B-4664-A3B2-4452B5AFD402}.Debug|x86.ActiveCfg = Debug|x86
		{3BC33995-903B-4664-A3B2-4452B5AFD402}.Debug|x86.Build.0 = Debug|x86
		{3BC33995-903B-4664-A3B2-4452B5AFD402}.Release|Any CPU.ActiveCfg = Release|x86
		{3BC33995-903B-4664-A3B2-4452B5AFD402}.Release|ARM.ActiveCfg = Release|x86
		{3BC33995-903B-4664-A3B2-4452B5AFD402}.Release|Mixed Platforms.ActiveCfg = Release|x86
		{3BC33995-903B-4664-A3B2-4452B5AFD402}.Release|Mixed Platforms.Build.0 = Release|x86
		{3BC33995-903B-4664-A3B2-4452B5AFD402}.Release|x64.ActiveCfg = Release|x86
		{3BC33995-903B-4664-A3B2-4452B5AFD402}.Release|x86.ActiveCfg = Release|x86
		{3BC33995-903B-4664-A3B2-4452B5AFD402}.Release|x86.Build.0 = Release|x86
		{B52A1441-064D-47C2-83EF-CE566A979843}.Debug|Any CPU.ActiveCfg = Debug|x86
		{B52A1441-064D-47C2-83EF-CE566A979843}.Debug|ARM.ActiveCfg = Debug|x86
		{B52A1441-064D-47C2-83EF-CE566A979843}.Debug|Mixed Platforms.ActiveCfg = Debug|x86
		{B52A1441-064D-47C2-83EF-CE566A979843}.Debug|Mixed Platforms.Build.0 = Debug|x86
		{B52A1441-064D-47C2-83EF-CE566A979843}.Debug|x64.ActiveCfg = Debug|x86
		{B52A1441-064D-47C2-83EF-CE566A979843}.Debug|x86.ActiveCfg = Debug|x86
		{B52A1441-064D-47C2-83EF-CE566A979843}.Debug|x86.Build.0 = Debug|x86
		{B52A1441-064D-47C2-83EF-CE566A979843}.Release|Any CPU.ActiveCfg = Release|x86
		{B52A1441-064D-47C2-83EF-CE566A979843}.Release|ARM.ActiveCfg = Release|x86
		{B52A1441-064D-47C2-83EF-CE566A979843}.Release|Mixed Platforms.ActiveCfg = Release|x86
		{B52A1441-064D-47C2-83EF-CE566A979843}.Release|Mixed Platforms.Build.0 = Release|x86
		{B52A1441-064D-47C2-83EF-CE566A979843}.Release|x64.ActiveCfg = Release|x86
		{B52A1441-064D-47C2-83EF-CE566A979843}.Release|x86.ActiveCfg = Release|x86
		{B52A1441-064D-47C2-83EF-CE566A979843}.Release|x86.Build.0 = Release|x86
		{CD2403C1-EED6-42AD-9664-22247A5B04DC}.Debug|Any CPU.ActiveCfg = Debug|x86
		{CD2403C1-EED6-42AD-9664-22247A5B04DC}.Debug|ARM.ActiveCfg = Debug|x86
		{CD2403C1-EED6-42AD-9664-22247A5B04DC}.Debug|Mixed Platforms.ActiveCfg = Debug|x86
		{CD2403C1-EED6-42AD-9664-22247A5B04DC}.Debug|Mixed Platforms.Build.0 = Debug|x86
		{CD2403C1-EED6-42AD-9664-22247A5B04DC}.Debug|x64.ActiveCfg = Debug|x86
		{CD2403C1-EED6-42AD-9664-22247A5B04DC}.Debug|x86.ActiveCfg = Debug|x86
		{CD2403C1-EED6-42AD-9664-22247A5B04DC}.Debug|x86.Build.0 = Debug|x86
		{CD2403C1-EED6-42AD-9664-22247A5B04DC}.Release|Any CPU.ActiveCfg = Release|x86
		{CD2403C1-EED6-42AD-9664-22247A5B04DC}.Release|ARM.ActiveCfg = Release|x86
		{CD2403C1-EED6-42AD-9664-22247A5B04DC}.Release|Mixed Platforms.ActiveCfg = Release|x86
		{CD2403C1-EED6-42AD-9664-22247A5B04DC}.Release|Mixed Platforms.Build.0 = Release|x86
		{CD2403C1-EED6-42AD-9664-22247A5B04DC}.Release|x64.ActiveCfg = Release|x86
		{CD2403C1-EED6-42AD-9664-22247A5B04DC}.Release|x86.ActiveCfg = Release|x86
		{CD2403C1-EED6-42AD-9664-22247A5B04DC}.Release|x86.Build.0 = Release|x86
		{CCB917CD-E565-4385-B26C-7DC2E3A1D39B}.Debug|Any CPU.ActiveCfg = Debug|x86
		{CCB917CD-E565-4385-B26C-7DC2E3A1D39B}.Debug|ARM.ActiveCfg = Debug|x86
		{CCB917CD-E565-4385-B26C-7DC2E3A1D39B}.Debug|Mixed Platforms.ActiveCfg = Debug|x86
		{CCB917CD-E565-4385-B26C-7DC2E3A1D39B}.Debug|Mixed Platforms.Build.0 = Debug|x86
		{CCB917CD-E565-4385-B26C-7DC2E3A1D39B}.Debug|x64.ActiveCfg = Debug|x86
		{CCB917CD-E565-4385-B26C-7DC2E3A1D39B}.Debug|x86.ActiveCfg = Debug|x86
		{CCB917CD-E565-4385-B26C-7DC2E3A1D39B}.Debug|x86.Build.0 = Debug|x86
		{CCB917CD-E565-4385-B26C-7DC2E3A1D39B}.Release|Any CPU.ActiveCfg = Release|x86
		{CCB917CD-E565-4385-B26C-7DC2E3A1D39B}.Release|ARM.ActiveCfg = Release|x86
		{CCB917CD-E565-4385-B26C-7DC2E3A1D39B}.Release|Mixed Platforms.ActiveCfg = Release|x86
		{CCB917CD-E565-4385-B26C-7DC2E3A1D39B}.Release|Mixed Platforms.Build.0 = Release|x86
		{CCB917CD-E565-4385-B26C-7DC2E3A1D39B}.Release|x64.ActiveCfg = Release|x86
		{CCB917CD-E565-4385-B26C-7DC2E3A1D39B}.Release|x86.ActiveCfg = Release|x86
		{CCB917CD-E565-4385-B26C-7DC2E3A1D39B}.Release|x86.Build.0 = Release|x86
		{F5006B59-BF29-4798-849E-07C2E96FE025}.Debug|Any CPU.ActiveCfg = Debug|x86
		{F5006B59-BF29-4798-849E-07C2E96FE025}.Debug|ARM.ActiveCfg = Debug|x86
		{F5006B59-BF29-4798-849E-07C2E96FE025}.Debug|Mixed Platforms.ActiveCfg = Debug|x86
		{F5006B59-BF29-4798-849E-07C2E96FE025}.Debug|Mixed Platforms.Build.0 = Debug|x86
		{F5006B59-BF29-4798-849E-07C2E96FE025}.Debug|x64.ActiveCfg = Debug|x86
		{F5006B59-BF29-4798-849E-07C2E96FE025}.Debug|x86.ActiveCfg = Debug|x86
		{F5006B59-BF29-4798-849E-07C2E96FE025}.Debug|x86.Build.0 = Debug|x86
		{F5006B59-BF29-4798-849E-07C2E96FE025}.Release|Any CPU.ActiveCfg = Release|x86
		{F5006B59-BF29-4798-849E-07C2E96FE025}.Release|ARM.ActiveCfg = Release|x86
		{F5006B59-BF29-4798-849E-07C2E96FE025}.Release|Mixed Platforms.ActiveCfg = Release|x86
		{F5006B59-BF29-4798-849E-07C2E96FE025}.Release|Mixed Platforms.Build.0 = Release|x86
		{F5006B59-BF29-4798-849E-07C2E96FE025}.Release|x64.ActiveCfg = Release|x86
		{F5006B59-BF29-4798-849E-07C2E96FE025}.Release|x86.ActiveCfg = Release|x86
		{F5006B59-BF29-4798-849E-07C2E96FE025}.Release|x86.Build.0 = Release|x86
		{203B66E5-DD70-42D6-AE62-FB0206149D6F}.Debug|Any CPU.ActiveCfg = Debug|x86
		{203B66E5-DD70-42D6-AE62-FB0206149D6F}.Debug|ARM.ActiveCfg = Debug|x86
		{203B66E5-DD70-42D6-AE62-FB0206149D6F}.Debug|Mixed Platforms.ActiveCfg = Debug|x86
		{203B66E5-DD70-42D6-AE62-FB0206149D6F}.Debug|Mixed Platforms.Build.0 = Debug|x86
		{203B66E5-DD70-42D6-AE62-FB0206149D6F}.Debug|x64.ActiveCfg = Debug|x86
		{203B66E5-DD70-42D6-AE62-FB0206149D6F}.Debug|x86.ActiveCfg = Debug|x86
		{203B66E5-DD70-42D6-AE62-FB0206149D6F}.Debug|x86.Build.0 = Debug|x86
		{203B66E5-DD70-42D6-AE62-FB0206149D6F}.Release|Any CPU.ActiveCfg = Release|x86
		{203B66E5-DD70-42D6-AE62-FB0206149D6F}.Release|ARM.ActiveCfg = Release|x86
		{203B66E5-DD70-42D6-AE62-FB0206149D6F}.Release|Mixed Platforms.ActiveCfg = Release|x86
		{203B66E5-DD70-42D6-AE62-FB0206149D6F}.Release|Mixed Platforms.Build.0 = Release|x86
		{203B66E5-DD70-42D6-AE62-FB0206149D6F}.Release|x64.ActiveCfg = Release|x86
		{203B66E5-DD70-42D6-AE62-FB0206149D6F}.Release|x86.ActiveCfg = Release|x86
		{203B66E5-DD70-42D6-AE62-FB0206149D6F}.Release|x86.Build.0 = Release|x86
		{23A79B65-0AB7-4A5A-8631-DF9EB1828CE2}.Debug|Any CPU.ActiveCfg = Debug|Any CPU
		{23A79B65-0AB7-4A5A-8631-DF9EB1828CE2}.Debug|Any CPU.Build.0 = Debug|Any CPU
		{23A79B65-0AB7-4A5A-8631-DF9EB1828CE2}.Debug|ARM.ActiveCfg = Debug|Any CPU
		{23A79B65-0AB7-4A5A-8631-DF9EB1828CE2}.Debug|Mixed Platforms.ActiveCfg = Debug|Any CPU
		{23A79B65-0AB7-4A5A-8631-DF9EB1828CE2}.Debug|Mixed Platforms.Build.0 = Debug|Any CPU
		{23A79B65-0AB7-4A5A-8631-DF9EB1828CE2}.Debug|x64.ActiveCfg = Debug|Any CPU
		{23A79B65-0AB7-4A5A-8631-DF9EB1828CE2}.Debug|x86.ActiveCfg = Debug|Any CPU
		{23A79B65-0AB7-4A5A-8631-DF9EB1828CE2}.Release|Any CPU.ActiveCfg = Release|Any CPU
		{23A79B65-0AB7-4A5A-8631-DF9EB1828CE2}.Release|Any CPU.Build.0 = Release|Any CPU
		{23A79B65-0AB7-4A5A-8631-DF9EB1828CE2}.Release|ARM.ActiveCfg = Release|Any CPU
		{23A79B65-0AB7-4A5A-8631-DF9EB1828CE2}.Release|Mixed Platforms.ActiveCfg = Release|Any CPU
		{23A79B65-0AB7-4A5A-8631-DF9EB1828CE2}.Release|Mixed Platforms.Build.0 = Release|Any CPU
		{23A79B65-0AB7-4A5A-8631-DF9EB1828CE2}.Release|x64.ActiveCfg = Release|Any CPU
		{23A79B65-0AB7-4A5A-8631-DF9EB1828CE2}.Release|x86.ActiveCfg = Release|Any CPU
		{C9228C39-7BC6-4F5A-BA60-6566A19D6305}.Debug|Any CPU.ActiveCfg = Debug|Any CPU
		{C9228C39-7BC6-4F5A-BA60-6566A19D6305}.Debug|Any CPU.Build.0 = Debug|Any CPU
		{C9228C39-7BC6-4F5A-BA60-6566A19D6305}.Debug|ARM.ActiveCfg = Debug|Any CPU
		{C9228C39-7BC6-4F5A-BA60-6566A19D6305}.Debug|Mixed Platforms.ActiveCfg = Debug|Any CPU
		{C9228C39-7BC6-4F5A-BA60-6566A19D6305}.Debug|Mixed Platforms.Build.0 = Debug|Any CPU
		{C9228C39-7BC6-4F5A-BA60-6566A19D6305}.Debug|x64.ActiveCfg = Debug|Any CPU
		{C9228C39-7BC6-4F5A-BA60-6566A19D6305}.Debug|x86.ActiveCfg = Debug|Any CPU
		{C9228C39-7BC6-4F5A-BA60-6566A19D6305}.Release|Any CPU.ActiveCfg = Release|Any CPU
		{C9228C39-7BC6-4F5A-BA60-6566A19D6305}.Release|Any CPU.Build.0 = Release|Any CPU
		{C9228C39-7BC6-4F5A-BA60-6566A19D6305}.Release|ARM.ActiveCfg = Release|Any CPU
		{C9228C39-7BC6-4F5A-BA60-6566A19D6305}.Release|Mixed Platforms.ActiveCfg = Release|Any CPU
		{C9228C39-7BC6-4F5A-BA60-6566A19D6305}.Release|Mixed Platforms.Build.0 = Release|Any CPU
		{C9228C39-7BC6-4F5A-BA60-6566A19D6305}.Release|x64.ActiveCfg = Release|Any CPU
		{C9228C39-7BC6-4F5A-BA60-6566A19D6305}.Release|x86.ActiveCfg = Release|Any CPU
		{86DF9971-AB39-4C2F-9ECB-187C76F75441}.Debug|Any CPU.ActiveCfg = Debug|Any CPU
		{86DF9971-AB39-4C2F-9ECB-187C76F75441}.Debug|Any CPU.Build.0 = Debug|Any CPU
		{86DF9971-AB39-4C2F-9ECB-187C76F75441}.Debug|ARM.ActiveCfg = Debug|Any CPU
		{86DF9971-AB39-4C2F-9ECB-187C76F75441}.Debug|Mixed Platforms.ActiveCfg = Debug|Any CPU
		{86DF9971-AB39-4C2F-9ECB-187C76F75441}.Debug|Mixed Platforms.Build.0 = Debug|Any CPU
		{86DF9971-AB39-4C2F-9ECB-187C76F75441}.Debug|x64.ActiveCfg = Debug|Any CPU
		{86DF9971-AB39-4C2F-9ECB-187C76F75441}.Debug|x86.ActiveCfg = Debug|Any CPU
		{86DF9971-AB39-4C2F-9ECB-187C76F75441}.Release|Any CPU.ActiveCfg = Release|Any CPU
		{86DF9971-AB39-4C2F-9ECB-187C76F75441}.Release|Any CPU.Build.0 = Release|Any CPU
		{86DF9971-AB39-4C2F-9ECB-187C76F75441}.Release|ARM.ActiveCfg = Release|Any CPU
		{86DF9971-AB39-4C2F-9ECB-187C76F75441}.Release|Mixed Platforms.ActiveCfg = Release|Any CPU
		{86DF9971-AB39-4C2F-9ECB-187C76F75441}.Release|Mixed Platforms.Build.0 = Release|Any CPU
		{86DF9971-AB39-4C2F-9ECB-187C76F75441}.Release|x64.ActiveCfg = Release|Any CPU
		{86DF9971-AB39-4C2F-9ECB-187C76F75441}.Release|x86.ActiveCfg = Release|Any CPU
		{B6415C4D-C2CB-4096-84D2-2033F46507B4}.Debug|Any CPU.ActiveCfg = Debug|Any CPU
		{B6415C4D-C2CB-4096-84D2-2033F46507B4}.Debug|Any CPU.Build.0 = Debug|Any CPU
		{B6415C4D-C2CB-4096-84D2-2033F46507B4}.Debug|ARM.ActiveCfg = Debug|Any CPU
		{B6415C4D-C2CB-4096-84D2-2033F46507B4}.Debug|Mixed Platforms.ActiveCfg = Debug|Any CPU
		{B6415C4D-C2CB-4096-84D2-2033F46507B4}.Debug|Mixed Platforms.Build.0 = Debug|Any CPU
		{B6415C4D-C2CB-4096-84D2-2033F46507B4}.Debug|x64.ActiveCfg = Debug|Any CPU
		{B6415C4D-C2CB-4096-84D2-2033F46507B4}.Debug|x86.ActiveCfg = Debug|Any CPU
		{B6415C4D-C2CB-4096-84D2-2033F46507B4}.Release|Any CPU.ActiveCfg = Release|Any CPU
		{B6415C4D-C2CB-4096-84D2-2033F46507B4}.Release|Any CPU.Build.0 = Release|Any CPU
		{B6415C4D-C2CB-4096-84D2-2033F46507B4}.Release|ARM.ActiveCfg = Release|Any CPU
		{B6415C4D-C2CB-4096-84D2-2033F46507B4}.Release|Mixed Platforms.ActiveCfg = Release|Any CPU
		{B6415C4D-C2CB-4096-84D2-2033F46507B4}.Release|Mixed Platforms.Build.0 = Release|Any CPU
		{B6415C4D-C2CB-4096-84D2-2033F46507B4}.Release|x64.ActiveCfg = Release|Any CPU
		{B6415C4D-C2CB-4096-84D2-2033F46507B4}.Release|x86.ActiveCfg = Release|Any CPU
		{56015839-D3D1-4F1D-A088-B8C4964E67B7}.Debug|Any CPU.ActiveCfg = Debug|Any CPU
		{56015839-D3D1-4F1D-A088-B8C4964E67B7}.Debug|Any CPU.Build.0 = Debug|Any CPU
		{56015839-D3D1-4F1D-A088-B8C4964E67B7}.Debug|ARM.ActiveCfg = Debug|Any CPU
		{56015839-D3D1-4F1D-A088-B8C4964E67B7}.Debug|Mixed Platforms.ActiveCfg = Debug|Any CPU
		{56015839-D3D1-4F1D-A088-B8C4964E67B7}.Debug|Mixed Platforms.Build.0 = Debug|Any CPU
		{56015839-D3D1-4F1D-A088-B8C4964E67B7}.Debug|x64.ActiveCfg = Debug|Any CPU
		{56015839-D3D1-4F1D-A088-B8C4964E67B7}.Debug|x86.ActiveCfg = Debug|Any CPU
		{56015839-D3D1-4F1D-A088-B8C4964E67B7}.Release|Any CPU.ActiveCfg = Release|Any CPU
		{56015839-D3D1-4F1D-A088-B8C4964E67B7}.Release|Any CPU.Build.0 = Release|Any CPU
		{56015839-D3D1-4F1D-A088-B8C4964E67B7}.Release|ARM.ActiveCfg = Release|Any CPU
		{56015839-D3D1-4F1D-A088-B8C4964E67B7}.Release|Mixed Platforms.ActiveCfg = Release|Any CPU
		{56015839-D3D1-4F1D-A088-B8C4964E67B7}.Release|Mixed Platforms.Build.0 = Release|Any CPU
		{56015839-D3D1-4F1D-A088-B8C4964E67B7}.Release|x64.ActiveCfg = Release|Any CPU
		{56015839-D3D1-4F1D-A088-B8C4964E67B7}.Release|x86.ActiveCfg = Release|Any CPU
		{32232EFB-F01D-4722-8F32-BC03B379F545}.Debug|Any CPU.ActiveCfg = Debug|x86
		{32232EFB-F01D-4722-8F32-BC03B379F545}.Debug|ARM.ActiveCfg = Debug|x86
		{32232EFB-F01D-4722-8F32-BC03B379F545}.Debug|Mixed Platforms.ActiveCfg = Debug|x86
		{32232EFB-F01D-4722-8F32-BC03B379F545}.Debug|Mixed Platforms.Build.0 = Debug|x86
		{32232EFB-F01D-4722-8F32-BC03B379F545}.Debug|x64.ActiveCfg = Debug|x86
		{32232EFB-F01D-4722-8F32-BC03B379F545}.Debug|x86.ActiveCfg = Debug|x86
		{32232EFB-F01D-4722-8F32-BC03B379F545}.Debug|x86.Build.0 = Debug|x86
		{32232EFB-F01D-4722-8F32-BC03B379F545}.Release|Any CPU.ActiveCfg = Release|x86
		{32232EFB-F01D-4722-8F32-BC03B379F545}.Release|ARM.ActiveCfg = Release|x86
		{32232EFB-F01D-4722-8F32-BC03B379F545}.Release|Mixed Platforms.ActiveCfg = Release|x86
		{32232EFB-F01D-4722-8F32-BC03B379F545}.Release|Mixed Platforms.Build.0 = Release|x86
		{32232EFB-F01D-4722-8F32-BC03B379F545}.Release|x64.ActiveCfg = Release|x86
		{32232EFB-F01D-4722-8F32-BC03B379F545}.Release|x86.ActiveCfg = Release|x86
		{32232EFB-F01D-4722-8F32-BC03B379F545}.Release|x86.Build.0 = Release|x86
		{134A8F7D-43E0-4984-8CDB-CCCFE7C6AC03}.Debug|Any CPU.ActiveCfg = Debug|x86
		{134A8F7D-43E0-4984-8CDB-CCCFE7C6AC03}.Debug|ARM.ActiveCfg = Debug|x86
		{134A8F7D-43E0-4984-8CDB-CCCFE7C6AC03}.Debug|Mixed Platforms.ActiveCfg = Debug|x86
		{134A8F7D-43E0-4984-8CDB-CCCFE7C6AC03}.Debug|Mixed Platforms.Build.0 = Debug|x86
		{134A8F7D-43E0-4984-8CDB-CCCFE7C6AC03}.Debug|x64.ActiveCfg = Debug|x86
		{134A8F7D-43E0-4984-8CDB-CCCFE7C6AC03}.Debug|x86.ActiveCfg = Debug|x86
		{134A8F7D-43E0-4984-8CDB-CCCFE7C6AC03}.Debug|x86.Build.0 = Debug|x86
		{134A8F7D-43E0-4984-8CDB-CCCFE7C6AC03}.Release|Any CPU.ActiveCfg = Release|x86
		{134A8F7D-43E0-4984-8CDB-CCCFE7C6AC03}.Release|ARM.ActiveCfg = Release|x86
		{134A8F7D-43E0-4984-8CDB-CCCFE7C6AC03}.Release|Mixed Platforms.ActiveCfg = Release|x86
		{134A8F7D-43E0-4984-8CDB-CCCFE7C6AC03}.Release|Mixed Platforms.Build.0 = Release|x86
		{134A8F7D-43E0-4984-8CDB-CCCFE7C6AC03}.Release|x64.ActiveCfg = Release|x86
		{134A8F7D-43E0-4984-8CDB-CCCFE7C6AC03}.Release|x86.ActiveCfg = Release|x86
		{134A8F7D-43E0-4984-8CDB-CCCFE7C6AC03}.Release|x86.Build.0 = Release|x86
		{1B8F327E-0F57-4288-B084-2FD916392B7B}.Debug|Any CPU.ActiveCfg = Debug|Any CPU
		{1B8F327E-0F57-4288-B084-2FD916392B7B}.Debug|Any CPU.Build.0 = Debug|Any CPU
		{1B8F327E-0F57-4288-B084-2FD916392B7B}.Debug|ARM.ActiveCfg = Debug|Any CPU
		{1B8F327E-0F57-4288-B084-2FD916392B7B}.Debug|ARM.Build.0 = Debug|Any CPU
		{1B8F327E-0F57-4288-B084-2FD916392B7B}.Debug|Mixed Platforms.ActiveCfg = Debug|Any CPU
		{1B8F327E-0F57-4288-B084-2FD916392B7B}.Debug|Mixed Platforms.Build.0 = Debug|Any CPU
		{1B8F327E-0F57-4288-B084-2FD916392B7B}.Debug|x64.ActiveCfg = Debug|Any CPU
		{1B8F327E-0F57-4288-B084-2FD916392B7B}.Debug|x64.Build.0 = Debug|Any CPU
		{1B8F327E-0F57-4288-B084-2FD916392B7B}.Debug|x86.ActiveCfg = Debug|Any CPU
		{1B8F327E-0F57-4288-B084-2FD916392B7B}.Debug|x86.Build.0 = Debug|Any CPU
		{1B8F327E-0F57-4288-B084-2FD916392B7B}.Release|Any CPU.ActiveCfg = Release|Any CPU
		{1B8F327E-0F57-4288-B084-2FD916392B7B}.Release|Any CPU.Build.0 = Release|Any CPU
		{1B8F327E-0F57-4288-B084-2FD916392B7B}.Release|ARM.ActiveCfg = Release|Any CPU
		{1B8F327E-0F57-4288-B084-2FD916392B7B}.Release|ARM.Build.0 = Release|Any CPU
		{1B8F327E-0F57-4288-B084-2FD916392B7B}.Release|Mixed Platforms.ActiveCfg = Release|Any CPU
		{1B8F327E-0F57-4288-B084-2FD916392B7B}.Release|Mixed Platforms.Build.0 = Release|Any CPU
		{1B8F327E-0F57-4288-B084-2FD916392B7B}.Release|x64.ActiveCfg = Release|Any CPU
		{1B8F327E-0F57-4288-B084-2FD916392B7B}.Release|x64.Build.0 = Release|Any CPU
		{1B8F327E-0F57-4288-B084-2FD916392B7B}.Release|x86.ActiveCfg = Release|Any CPU
		{1B8F327E-0F57-4288-B084-2FD916392B7B}.Release|x86.Build.0 = Release|Any CPU
		{327F9261-2FB8-46A0-AC9A-3369EB396D62}.Debug|Any CPU.ActiveCfg = Debug|Any CPU
		{327F9261-2FB8-46A0-AC9A-3369EB396D62}.Debug|Any CPU.Build.0 = Debug|Any CPU
		{327F9261-2FB8-46A0-AC9A-3369EB396D62}.Debug|ARM.ActiveCfg = Debug|Any CPU
		{327F9261-2FB8-46A0-AC9A-3369EB396D62}.Debug|ARM.Build.0 = Debug|Any CPU
		{327F9261-2FB8-46A0-AC9A-3369EB396D62}.Debug|Mixed Platforms.ActiveCfg = Debug|Any CPU
		{327F9261-2FB8-46A0-AC9A-3369EB396D62}.Debug|Mixed Platforms.Build.0 = Debug|Any CPU
		{327F9261-2FB8-46A0-AC9A-3369EB396D62}.Debug|x64.ActiveCfg = Debug|Any CPU
		{327F9261-2FB8-46A0-AC9A-3369EB396D62}.Debug|x64.Build.0 = Debug|Any CPU
		{327F9261-2FB8-46A0-AC9A-3369EB396D62}.Debug|x86.ActiveCfg = Debug|Any CPU
		{327F9261-2FB8-46A0-AC9A-3369EB396D62}.Debug|x86.Build.0 = Debug|Any CPU
		{327F9261-2FB8-46A0-AC9A-3369EB396D62}.Release|Any CPU.ActiveCfg = Release|Any CPU
		{327F9261-2FB8-46A0-AC9A-3369EB396D62}.Release|Any CPU.Build.0 = Release|Any CPU
		{327F9261-2FB8-46A0-AC9A-3369EB396D62}.Release|ARM.ActiveCfg = Release|Any CPU
		{327F9261-2FB8-46A0-AC9A-3369EB396D62}.Release|ARM.Build.0 = Release|Any CPU
		{327F9261-2FB8-46A0-AC9A-3369EB396D62}.Release|Mixed Platforms.ActiveCfg = Release|Any CPU
		{327F9261-2FB8-46A0-AC9A-3369EB396D62}.Release|Mixed Platforms.Build.0 = Release|Any CPU
		{327F9261-2FB8-46A0-AC9A-3369EB396D62}.Release|x64.ActiveCfg = Release|Any CPU
		{327F9261-2FB8-46A0-AC9A-3369EB396D62}.Release|x64.Build.0 = Release|Any CPU
		{327F9261-2FB8-46A0-AC9A-3369EB396D62}.Release|x86.ActiveCfg = Release|Any CPU
		{327F9261-2FB8-46A0-AC9A-3369EB396D62}.Release|x86.Build.0 = Release|Any CPU
		{F2B5E308-F5F2-4F22-B6B5-24A880C4FD3E}.Debug|Any CPU.ActiveCfg = Debug|Any CPU
		{F2B5E308-F5F2-4F22-B6B5-24A880C4FD3E}.Debug|Any CPU.Build.0 = Debug|Any CPU
		{F2B5E308-F5F2-4F22-B6B5-24A880C4FD3E}.Debug|ARM.ActiveCfg = Debug|Any CPU
		{F2B5E308-F5F2-4F22-B6B5-24A880C4FD3E}.Debug|ARM.Build.0 = Debug|Any CPU
		{F2B5E308-F5F2-4F22-B6B5-24A880C4FD3E}.Debug|Mixed Platforms.ActiveCfg = Debug|Any CPU
		{F2B5E308-F5F2-4F22-B6B5-24A880C4FD3E}.Debug|Mixed Platforms.Build.0 = Debug|Any CPU
		{F2B5E308-F5F2-4F22-B6B5-24A880C4FD3E}.Debug|x64.ActiveCfg = Debug|Any CPU
		{F2B5E308-F5F2-4F22-B6B5-24A880C4FD3E}.Debug|x64.Build.0 = Debug|Any CPU
		{F2B5E308-F5F2-4F22-B6B5-24A880C4FD3E}.Debug|x86.ActiveCfg = Debug|Any CPU
		{F2B5E308-F5F2-4F22-B6B5-24A880C4FD3E}.Debug|x86.Build.0 = Debug|Any CPU
		{F2B5E308-F5F2-4F22-B6B5-24A880C4FD3E}.Release|Any CPU.ActiveCfg = Release|Any CPU
		{F2B5E308-F5F2-4F22-B6B5-24A880C4FD3E}.Release|Any CPU.Build.0 = Release|Any CPU
		{F2B5E308-F5F2-4F22-B6B5-24A880C4FD3E}.Release|ARM.ActiveCfg = Release|Any CPU
		{F2B5E308-F5F2-4F22-B6B5-24A880C4FD3E}.Release|ARM.Build.0 = Release|Any CPU
		{F2B5E308-F5F2-4F22-B6B5-24A880C4FD3E}.Release|Mixed Platforms.ActiveCfg = Release|Any CPU
		{F2B5E308-F5F2-4F22-B6B5-24A880C4FD3E}.Release|Mixed Platforms.Build.0 = Release|Any CPU
		{F2B5E308-F5F2-4F22-B6B5-24A880C4FD3E}.Release|x64.ActiveCfg = Release|Any CPU
		{F2B5E308-F5F2-4F22-B6B5-24A880C4FD3E}.Release|x64.Build.0 = Release|Any CPU
		{F2B5E308-F5F2-4F22-B6B5-24A880C4FD3E}.Release|x86.ActiveCfg = Release|Any CPU
		{F2B5E308-F5F2-4F22-B6B5-24A880C4FD3E}.Release|x86.Build.0 = Release|Any CPU
		{6CF1CF5D-240C-427D-9F4A-8D6A9EB42116}.Debug|Any CPU.ActiveCfg = Debug|Any CPU
		{6CF1CF5D-240C-427D-9F4A-8D6A9EB42116}.Debug|Any CPU.Build.0 = Debug|Any CPU
		{6CF1CF5D-240C-427D-9F4A-8D6A9EB42116}.Debug|ARM.ActiveCfg = Debug|Any CPU
		{6CF1CF5D-240C-427D-9F4A-8D6A9EB42116}.Debug|ARM.Build.0 = Debug|Any CPU
		{6CF1CF5D-240C-427D-9F4A-8D6A9EB42116}.Debug|Mixed Platforms.ActiveCfg = Debug|Any CPU
		{6CF1CF5D-240C-427D-9F4A-8D6A9EB42116}.Debug|Mixed Platforms.Build.0 = Debug|Any CPU
		{6CF1CF5D-240C-427D-9F4A-8D6A9EB42116}.Debug|x64.ActiveCfg = Debug|Any CPU
		{6CF1CF5D-240C-427D-9F4A-8D6A9EB42116}.Debug|x64.Build.0 = Debug|Any CPU
		{6CF1CF5D-240C-427D-9F4A-8D6A9EB42116}.Debug|x86.ActiveCfg = Debug|Any CPU
		{6CF1CF5D-240C-427D-9F4A-8D6A9EB42116}.Debug|x86.Build.0 = Debug|Any CPU
		{6CF1CF5D-240C-427D-9F4A-8D6A9EB42116}.Release|Any CPU.ActiveCfg = Release|Any CPU
		{6CF1CF5D-240C-427D-9F4A-8D6A9EB42116}.Release|Any CPU.Build.0 = Release|Any CPU
		{6CF1CF5D-240C-427D-9F4A-8D6A9EB42116}.Release|ARM.ActiveCfg = Release|Any CPU
		{6CF1CF5D-240C-427D-9F4A-8D6A9EB42116}.Release|ARM.Build.0 = Release|Any CPU
		{6CF1CF5D-240C-427D-9F4A-8D6A9EB42116}.Release|Mixed Platforms.ActiveCfg = Release|Any CPU
		{6CF1CF5D-240C-427D-9F4A-8D6A9EB42116}.Release|Mixed Platforms.Build.0 = Release|Any CPU
		{6CF1CF5D-240C-427D-9F4A-8D6A9EB42116}.Release|x64.ActiveCfg = Release|Any CPU
		{6CF1CF5D-240C-427D-9F4A-8D6A9EB42116}.Release|x64.Build.0 = Release|Any CPU
		{6CF1CF5D-240C-427D-9F4A-8D6A9EB42116}.Release|x86.ActiveCfg = Release|Any CPU
		{6CF1CF5D-240C-427D-9F4A-8D6A9EB42116}.Release|x86.Build.0 = Release|Any CPU
		{E7CC90A4-0A97-444D-ABC6-75E0B45CD49C}.Debug|Any CPU.ActiveCfg = Debug|Any CPU
		{E7CC90A4-0A97-444D-ABC6-75E0B45CD49C}.Debug|Any CPU.Build.0 = Debug|Any CPU
		{E7CC90A4-0A97-444D-ABC6-75E0B45CD49C}.Debug|ARM.ActiveCfg = Debug|Any CPU
		{E7CC90A4-0A97-444D-ABC6-75E0B45CD49C}.Debug|ARM.Build.0 = Debug|Any CPU
		{E7CC90A4-0A97-444D-ABC6-75E0B45CD49C}.Debug|Mixed Platforms.ActiveCfg = Debug|Any CPU
		{E7CC90A4-0A97-444D-ABC6-75E0B45CD49C}.Debug|Mixed Platforms.Build.0 = Debug|Any CPU
		{E7CC90A4-0A97-444D-ABC6-75E0B45CD49C}.Debug|x64.ActiveCfg = Debug|Any CPU
		{E7CC90A4-0A97-444D-ABC6-75E0B45CD49C}.Debug|x64.Build.0 = Debug|Any CPU
		{E7CC90A4-0A97-444D-ABC6-75E0B45CD49C}.Debug|x86.ActiveCfg = Debug|Any CPU
		{E7CC90A4-0A97-444D-ABC6-75E0B45CD49C}.Debug|x86.Build.0 = Debug|Any CPU
		{E7CC90A4-0A97-444D-ABC6-75E0B45CD49C}.Release|Any CPU.ActiveCfg = Release|Any CPU
		{E7CC90A4-0A97-444D-ABC6-75E0B45CD49C}.Release|Any CPU.Build.0 = Release|Any CPU
		{E7CC90A4-0A97-444D-ABC6-75E0B45CD49C}.Release|ARM.ActiveCfg = Release|Any CPU
		{E7CC90A4-0A97-444D-ABC6-75E0B45CD49C}.Release|ARM.Build.0 = Release|Any CPU
		{E7CC90A4-0A97-444D-ABC6-75E0B45CD49C}.Release|Mixed Platforms.ActiveCfg = Release|Any CPU
		{E7CC90A4-0A97-444D-ABC6-75E0B45CD49C}.Release|Mixed Platforms.Build.0 = Release|Any CPU
		{E7CC90A4-0A97-444D-ABC6-75E0B45CD49C}.Release|x64.ActiveCfg = Release|Any CPU
		{E7CC90A4-0A97-444D-ABC6-75E0B45CD49C}.Release|x64.Build.0 = Release|Any CPU
		{E7CC90A4-0A97-444D-ABC6-75E0B45CD49C}.Release|x86.ActiveCfg = Release|Any CPU
		{E7CC90A4-0A97-444D-ABC6-75E0B45CD49C}.Release|x86.Build.0 = Release|Any CPU
		{2E629CF2-00DB-43C9-967B-6FF58EA5697F}.Debug|Any CPU.ActiveCfg = Debug|Any CPU
		{2E629CF2-00DB-43C9-967B-6FF58EA5697F}.Debug|Any CPU.Build.0 = Debug|Any CPU
		{2E629CF2-00DB-43C9-967B-6FF58EA5697F}.Debug|ARM.ActiveCfg = Debug|Any CPU
		{2E629CF2-00DB-43C9-967B-6FF58EA5697F}.Debug|ARM.Build.0 = Debug|Any CPU
		{2E629CF2-00DB-43C9-967B-6FF58EA5697F}.Debug|Mixed Platforms.ActiveCfg = Debug|Any CPU
		{2E629CF2-00DB-43C9-967B-6FF58EA5697F}.Debug|Mixed Platforms.Build.0 = Debug|Any CPU
		{2E629CF2-00DB-43C9-967B-6FF58EA5697F}.Debug|x64.ActiveCfg = Debug|Any CPU
		{2E629CF2-00DB-43C9-967B-6FF58EA5697F}.Debug|x64.Build.0 = Debug|Any CPU
		{2E629CF2-00DB-43C9-967B-6FF58EA5697F}.Debug|x86.ActiveCfg = Debug|Any CPU
		{2E629CF2-00DB-43C9-967B-6FF58EA5697F}.Debug|x86.Build.0 = Debug|Any CPU
		{2E629CF2-00DB-43C9-967B-6FF58EA5697F}.Release|Any CPU.ActiveCfg = Release|Any CPU
		{2E629CF2-00DB-43C9-967B-6FF58EA5697F}.Release|Any CPU.Build.0 = Release|Any CPU
		{2E629CF2-00DB-43C9-967B-6FF58EA5697F}.Release|ARM.ActiveCfg = Release|Any CPU
		{2E629CF2-00DB-43C9-967B-6FF58EA5697F}.Release|ARM.Build.0 = Release|Any CPU
		{2E629CF2-00DB-43C9-967B-6FF58EA5697F}.Release|Mixed Platforms.ActiveCfg = Release|Any CPU
		{2E629CF2-00DB-43C9-967B-6FF58EA5697F}.Release|Mixed Platforms.Build.0 = Release|Any CPU
		{2E629CF2-00DB-43C9-967B-6FF58EA5697F}.Release|x64.ActiveCfg = Release|Any CPU
		{2E629CF2-00DB-43C9-967B-6FF58EA5697F}.Release|x64.Build.0 = Release|Any CPU
		{2E629CF2-00DB-43C9-967B-6FF58EA5697F}.Release|x86.ActiveCfg = Release|Any CPU
		{2E629CF2-00DB-43C9-967B-6FF58EA5697F}.Release|x86.Build.0 = Release|Any CPU
		{12A542FA-50CE-44E5-8BF0-13A4BE7BAD68}.Debug|Any CPU.ActiveCfg = Debug|Any CPU
		{12A542FA-50CE-44E5-8BF0-13A4BE7BAD68}.Debug|Any CPU.Build.0 = Debug|Any CPU
		{12A542FA-50CE-44E5-8BF0-13A4BE7BAD68}.Debug|ARM.ActiveCfg = Debug|Any CPU
		{12A542FA-50CE-44E5-8BF0-13A4BE7BAD68}.Debug|ARM.Build.0 = Debug|Any CPU
		{12A542FA-50CE-44E5-8BF0-13A4BE7BAD68}.Debug|Mixed Platforms.ActiveCfg = Debug|Any CPU
		{12A542FA-50CE-44E5-8BF0-13A4BE7BAD68}.Debug|Mixed Platforms.Build.0 = Debug|Any CPU
		{12A542FA-50CE-44E5-8BF0-13A4BE7BAD68}.Debug|x64.ActiveCfg = Debug|Any CPU
		{12A542FA-50CE-44E5-8BF0-13A4BE7BAD68}.Debug|x64.Build.0 = Debug|Any CPU
		{12A542FA-50CE-44E5-8BF0-13A4BE7BAD68}.Debug|x86.ActiveCfg = Debug|Any CPU
		{12A542FA-50CE-44E5-8BF0-13A4BE7BAD68}.Debug|x86.Build.0 = Debug|Any CPU
		{12A542FA-50CE-44E5-8BF0-13A4BE7BAD68}.Release|Any CPU.ActiveCfg = Release|Any CPU
		{12A542FA-50CE-44E5-8BF0-13A4BE7BAD68}.Release|Any CPU.Build.0 = Release|Any CPU
		{12A542FA-50CE-44E5-8BF0-13A4BE7BAD68}.Release|ARM.ActiveCfg = Release|Any CPU
		{12A542FA-50CE-44E5-8BF0-13A4BE7BAD68}.Release|ARM.Build.0 = Release|Any CPU
		{12A542FA-50CE-44E5-8BF0-13A4BE7BAD68}.Release|Mixed Platforms.ActiveCfg = Release|Any CPU
		{12A542FA-50CE-44E5-8BF0-13A4BE7BAD68}.Release|Mixed Platforms.Build.0 = Release|Any CPU
		{12A542FA-50CE-44E5-8BF0-13A4BE7BAD68}.Release|x64.ActiveCfg = Release|Any CPU
		{12A542FA-50CE-44E5-8BF0-13A4BE7BAD68}.Release|x64.Build.0 = Release|Any CPU
		{12A542FA-50CE-44E5-8BF0-13A4BE7BAD68}.Release|x86.ActiveCfg = Release|Any CPU
		{12A542FA-50CE-44E5-8BF0-13A4BE7BAD68}.Release|x86.Build.0 = Release|Any CPU
		{E5E72357-4944-4B5C-BFF7-742C8FD31D91}.Debug|Any CPU.ActiveCfg = Debug|Any CPU
		{E5E72357-4944-4B5C-BFF7-742C8FD31D91}.Debug|Any CPU.Build.0 = Debug|Any CPU
		{E5E72357-4944-4B5C-BFF7-742C8FD31D91}.Debug|ARM.ActiveCfg = Debug|Any CPU
		{E5E72357-4944-4B5C-BFF7-742C8FD31D91}.Debug|ARM.Build.0 = Debug|Any CPU
		{E5E72357-4944-4B5C-BFF7-742C8FD31D91}.Debug|Mixed Platforms.ActiveCfg = Debug|Any CPU
		{E5E72357-4944-4B5C-BFF7-742C8FD31D91}.Debug|Mixed Platforms.Build.0 = Debug|Any CPU
		{E5E72357-4944-4B5C-BFF7-742C8FD31D91}.Debug|x64.ActiveCfg = Debug|Any CPU
		{E5E72357-4944-4B5C-BFF7-742C8FD31D91}.Debug|x64.Build.0 = Debug|Any CPU
		{E5E72357-4944-4B5C-BFF7-742C8FD31D91}.Debug|x86.ActiveCfg = Debug|Any CPU
		{E5E72357-4944-4B5C-BFF7-742C8FD31D91}.Debug|x86.Build.0 = Debug|Any CPU
		{E5E72357-4944-4B5C-BFF7-742C8FD31D91}.Release|Any CPU.ActiveCfg = Release|Any CPU
		{E5E72357-4944-4B5C-BFF7-742C8FD31D91}.Release|Any CPU.Build.0 = Release|Any CPU
		{E5E72357-4944-4B5C-BFF7-742C8FD31D91}.Release|ARM.ActiveCfg = Release|Any CPU
		{E5E72357-4944-4B5C-BFF7-742C8FD31D91}.Release|ARM.Build.0 = Release|Any CPU
		{E5E72357-4944-4B5C-BFF7-742C8FD31D91}.Release|Mixed Platforms.ActiveCfg = Release|Any CPU
		{E5E72357-4944-4B5C-BFF7-742C8FD31D91}.Release|Mixed Platforms.Build.0 = Release|Any CPU
		{E5E72357-4944-4B5C-BFF7-742C8FD31D91}.Release|x64.ActiveCfg = Release|Any CPU
		{E5E72357-4944-4B5C-BFF7-742C8FD31D91}.Release|x64.Build.0 = Release|Any CPU
		{E5E72357-4944-4B5C-BFF7-742C8FD31D91}.Release|x86.ActiveCfg = Release|Any CPU
		{E5E72357-4944-4B5C-BFF7-742C8FD31D91}.Release|x86.Build.0 = Release|Any CPU
		{989A8A8D-9799-4F7F-AAAB-D3178E722C7C}.Debug|Any CPU.ActiveCfg = Debug|Any CPU
		{989A8A8D-9799-4F7F-AAAB-D3178E722C7C}.Debug|Any CPU.Build.0 = Debug|Any CPU
		{989A8A8D-9799-4F7F-AAAB-D3178E722C7C}.Debug|ARM.ActiveCfg = Debug|Any CPU
		{989A8A8D-9799-4F7F-AAAB-D3178E722C7C}.Debug|ARM.Build.0 = Debug|Any CPU
		{989A8A8D-9799-4F7F-AAAB-D3178E722C7C}.Debug|Mixed Platforms.ActiveCfg = Debug|Any CPU
		{989A8A8D-9799-4F7F-AAAB-D3178E722C7C}.Debug|Mixed Platforms.Build.0 = Debug|Any CPU
		{989A8A8D-9799-4F7F-AAAB-D3178E722C7C}.Debug|x64.ActiveCfg = Debug|Any CPU
		{989A8A8D-9799-4F7F-AAAB-D3178E722C7C}.Debug|x64.Build.0 = Debug|Any CPU
		{989A8A8D-9799-4F7F-AAAB-D3178E722C7C}.Debug|x86.ActiveCfg = Debug|Any CPU
		{989A8A8D-9799-4F7F-AAAB-D3178E722C7C}.Debug|x86.Build.0 = Debug|Any CPU
		{989A8A8D-9799-4F7F-AAAB-D3178E722C7C}.Release|Any CPU.ActiveCfg = Release|Any CPU
		{989A8A8D-9799-4F7F-AAAB-D3178E722C7C}.Release|Any CPU.Build.0 = Release|Any CPU
		{989A8A8D-9799-4F7F-AAAB-D3178E722C7C}.Release|ARM.ActiveCfg = Release|Any CPU
		{989A8A8D-9799-4F7F-AAAB-D3178E722C7C}.Release|ARM.Build.0 = Release|Any CPU
		{989A8A8D-9799-4F7F-AAAB-D3178E722C7C}.Release|Mixed Platforms.ActiveCfg = Release|Any CPU
		{989A8A8D-9799-4F7F-AAAB-D3178E722C7C}.Release|Mixed Platforms.Build.0 = Release|Any CPU
		{989A8A8D-9799-4F7F-AAAB-D3178E722C7C}.Release|x64.ActiveCfg = Release|Any CPU
		{989A8A8D-9799-4F7F-AAAB-D3178E722C7C}.Release|x64.Build.0 = Release|Any CPU
		{989A8A8D-9799-4F7F-AAAB-D3178E722C7C}.Release|x86.ActiveCfg = Release|Any CPU
		{989A8A8D-9799-4F7F-AAAB-D3178E722C7C}.Release|x86.Build.0 = Release|Any CPU
		{C3572DD6-D3E0-4560-9030-D9C57C1E413D}.Debug|Any CPU.ActiveCfg = Debug|Any CPU
		{C3572DD6-D3E0-4560-9030-D9C57C1E413D}.Debug|Any CPU.Build.0 = Debug|Any CPU
		{C3572DD6-D3E0-4560-9030-D9C57C1E413D}.Debug|ARM.ActiveCfg = Debug|Any CPU
		{C3572DD6-D3E0-4560-9030-D9C57C1E413D}.Debug|ARM.Build.0 = Debug|Any CPU
		{C3572DD6-D3E0-4560-9030-D9C57C1E413D}.Debug|Mixed Platforms.ActiveCfg = Debug|Any CPU
		{C3572DD6-D3E0-4560-9030-D9C57C1E413D}.Debug|Mixed Platforms.Build.0 = Debug|Any CPU
		{C3572DD6-D3E0-4560-9030-D9C57C1E413D}.Debug|x64.ActiveCfg = Debug|Any CPU
		{C3572DD6-D3E0-4560-9030-D9C57C1E413D}.Debug|x64.Build.0 = Debug|Any CPU
		{C3572DD6-D3E0-4560-9030-D9C57C1E413D}.Debug|x86.ActiveCfg = Debug|Any CPU
		{C3572DD6-D3E0-4560-9030-D9C57C1E413D}.Debug|x86.Build.0 = Debug|Any CPU
		{C3572DD6-D3E0-4560-9030-D9C57C1E413D}.Release|Any CPU.ActiveCfg = Release|Any CPU
		{C3572DD6-D3E0-4560-9030-D9C57C1E413D}.Release|Any CPU.Build.0 = Release|Any CPU
		{C3572DD6-D3E0-4560-9030-D9C57C1E413D}.Release|ARM.ActiveCfg = Release|Any CPU
		{C3572DD6-D3E0-4560-9030-D9C57C1E413D}.Release|ARM.Build.0 = Release|Any CPU
		{C3572DD6-D3E0-4560-9030-D9C57C1E413D}.Release|Mixed Platforms.ActiveCfg = Release|Any CPU
		{C3572DD6-D3E0-4560-9030-D9C57C1E413D}.Release|Mixed Platforms.Build.0 = Release|Any CPU
		{C3572DD6-D3E0-4560-9030-D9C57C1E413D}.Release|x64.ActiveCfg = Release|Any CPU
		{C3572DD6-D3E0-4560-9030-D9C57C1E413D}.Release|x64.Build.0 = Release|Any CPU
		{C3572DD6-D3E0-4560-9030-D9C57C1E413D}.Release|x86.ActiveCfg = Release|Any CPU
		{C3572DD6-D3E0-4560-9030-D9C57C1E413D}.Release|x86.Build.0 = Release|Any CPU
		{B3852879-80D1-4456-AE18-D1BD472226B7}.Debug|Any CPU.ActiveCfg = Debug|Any CPU
		{B3852879-80D1-4456-AE18-D1BD472226B7}.Debug|Any CPU.Build.0 = Debug|Any CPU
		{B3852879-80D1-4456-AE18-D1BD472226B7}.Debug|ARM.ActiveCfg = Debug|Any CPU
		{B3852879-80D1-4456-AE18-D1BD472226B7}.Debug|ARM.Build.0 = Debug|Any CPU
		{B3852879-80D1-4456-AE18-D1BD472226B7}.Debug|Mixed Platforms.ActiveCfg = Debug|Any CPU
		{B3852879-80D1-4456-AE18-D1BD472226B7}.Debug|Mixed Platforms.Build.0 = Debug|Any CPU
		{B3852879-80D1-4456-AE18-D1BD472226B7}.Debug|x64.ActiveCfg = Debug|Any CPU
		{B3852879-80D1-4456-AE18-D1BD472226B7}.Debug|x64.Build.0 = Debug|Any CPU
		{B3852879-80D1-4456-AE18-D1BD472226B7}.Debug|x86.ActiveCfg = Debug|Any CPU
		{B3852879-80D1-4456-AE18-D1BD472226B7}.Debug|x86.Build.0 = Debug|Any CPU
		{B3852879-80D1-4456-AE18-D1BD472226B7}.Release|Any CPU.ActiveCfg = Release|Any CPU
		{B3852879-80D1-4456-AE18-D1BD472226B7}.Release|Any CPU.Build.0 = Release|Any CPU
		{B3852879-80D1-4456-AE18-D1BD472226B7}.Release|ARM.ActiveCfg = Release|Any CPU
		{B3852879-80D1-4456-AE18-D1BD472226B7}.Release|ARM.Build.0 = Release|Any CPU
		{B3852879-80D1-4456-AE18-D1BD472226B7}.Release|Mixed Platforms.ActiveCfg = Release|Any CPU
		{B3852879-80D1-4456-AE18-D1BD472226B7}.Release|Mixed Platforms.Build.0 = Release|Any CPU
		{B3852879-80D1-4456-AE18-D1BD472226B7}.Release|x64.ActiveCfg = Release|Any CPU
		{B3852879-80D1-4456-AE18-D1BD472226B7}.Release|x64.Build.0 = Release|Any CPU
		{B3852879-80D1-4456-AE18-D1BD472226B7}.Release|x86.ActiveCfg = Release|Any CPU
		{B3852879-80D1-4456-AE18-D1BD472226B7}.Release|x86.Build.0 = Release|Any CPU
	EndGlobalSection
	GlobalSection(SolutionProperties) = preSolution
		HideSolutionNode = FALSE
	EndGlobalSection
	GlobalSection(NestedProjects) = preSolution
		{20E6F4B1-502E-4CE2-AE3E-97E964652C43} = {86E1BE95-12FB-4394-964C-3750B38DD553}
		{1A6F4F65-317A-4B14-9D11-2897850B9645} = {86E1BE95-12FB-4394-964C-3750B38DD553}
		{06CCBB4C-C6E9-4A9B-9E51-E73E453B779A} = {86E1BE95-12FB-4394-964C-3750B38DD553}
		{19B7C907-120F-49BE-9EA7-13AAECDD148F} = {86E1BE95-12FB-4394-964C-3750B38DD553}
		{05DA27E4-E74C-4796-AEFA-FDFD9D7F2474} = {86E1BE95-12FB-4394-964C-3750B38DD553}
		{495E535F-ED2B-4639-89CC-FB6AAE1FFCED} = {86E1BE95-12FB-4394-964C-3750B38DD553}
		{F4487D97-DA5D-462F-9770-287A86F14E2F} = {C436C553-0FBE-485A-87A6-8C8397F6BEDB}
		{C0969E13-2D57-47E2-8769-D7637685F313} = {C436C553-0FBE-485A-87A6-8C8397F6BEDB}
		{ACD2EC67-D003-42AD-98D3-04D0FE11B943} = {86E1BE95-12FB-4394-964C-3750B38DD553}
		{36FC628D-7CB5-41F7-A84B-96B4FFF7EFAA} = {5AF1B6E2-5AF8-4DDB-8A4C-05B37F15E1C5}
		{DBCF9179-CEBC-4C7B-AA42-0369F4F2677C} = {86E1BE95-12FB-4394-964C-3750B38DD553}
		{7A4DD095-43D8-4141-9818-A416D2B08AD6} = {5AF1B6E2-5AF8-4DDB-8A4C-05B37F15E1C5}
		{10C9AD94-DB87-47B7-A45B-7D8389AAB3DC} = {86E1BE95-12FB-4394-964C-3750B38DD553}
		{C416EC0E-0275-4BC2-9B4E-F921183DF4F9} = {5AF1B6E2-5AF8-4DDB-8A4C-05B37F15E1C5}
		{D50D1E8A-C3EE-4CBB-BDF3-7BA0E090C147} = {5AF1B6E2-5AF8-4DDB-8A4C-05B37F15E1C5}
		{8CC0B98B-8C55-46AD-8F7D-5343BE9B24B0} = {86E1BE95-12FB-4394-964C-3750B38DD553}
		{3BC33995-903B-4664-A3B2-4452B5AFD402} = {5AF1B6E2-5AF8-4DDB-8A4C-05B37F15E1C5}
		{B52A1441-064D-47C2-83EF-CE566A979843} = {86E1BE95-12FB-4394-964C-3750B38DD553}
		{CD2403C1-EED6-42AD-9664-22247A5B04DC} = {5AF1B6E2-5AF8-4DDB-8A4C-05B37F15E1C5}
		{CCB917CD-E565-4385-B26C-7DC2E3A1D39B} = {5AF1B6E2-5AF8-4DDB-8A4C-05B37F15E1C5}
		{F5006B59-BF29-4798-849E-07C2E96FE025} = {5AF1B6E2-5AF8-4DDB-8A4C-05B37F15E1C5}
		{203B66E5-DD70-42D6-AE62-FB0206149D6F} = {5AF1B6E2-5AF8-4DDB-8A4C-05B37F15E1C5}
		{23A79B65-0AB7-4A5A-8631-DF9EB1828CE2} = {5AF1B6E2-5AF8-4DDB-8A4C-05B37F15E1C5}
		{C9228C39-7BC6-4F5A-BA60-6566A19D6305} = {5AF1B6E2-5AF8-4DDB-8A4C-05B37F15E1C5}
		{86DF9971-AB39-4C2F-9ECB-187C76F75441} = {6D35FA4B-E622-4111-A157-FC62E6D81093}
		{B6415C4D-C2CB-4096-84D2-2033F46507B4} = {6D35FA4B-E622-4111-A157-FC62E6D81093}
		{56015839-D3D1-4F1D-A088-B8C4964E67B7} = {5AF1B6E2-5AF8-4DDB-8A4C-05B37F15E1C5}
		{32232EFB-F01D-4722-8F32-BC03B379F545} = {86E1BE95-12FB-4394-964C-3750B38DD553}
		{134A8F7D-43E0-4984-8CDB-CCCFE7C6AC03} = {86E1BE95-12FB-4394-964C-3750B38DD553}
		{1B8F327E-0F57-4288-B084-2FD916392B7B} = {5AF1B6E2-5AF8-4DDB-8A4C-05B37F15E1C5}
		{327F9261-2FB8-46A0-AC9A-3369EB396D62} = {5AF1B6E2-5AF8-4DDB-8A4C-05B37F15E1C5}
		{F2B5E308-F5F2-4F22-B6B5-24A880C4FD3E} = {5AF1B6E2-5AF8-4DDB-8A4C-05B37F15E1C5}
		{6CF1CF5D-240C-427D-9F4A-8D6A9EB42116} = {5AF1B6E2-5AF8-4DDB-8A4C-05B37F15E1C5}
		{E7CC90A4-0A97-444D-ABC6-75E0B45CD49C} = {5AF1B6E2-5AF8-4DDB-8A4C-05B37F15E1C5}
		{2E629CF2-00DB-43C9-967B-6FF58EA5697F} = {5AF1B6E2-5AF8-4DDB-8A4C-05B37F15E1C5}
		{12A542FA-50CE-44E5-8BF0-13A4BE7BAD68} = {5AF1B6E2-5AF8-4DDB-8A4C-05B37F15E1C5}
		{E5E72357-4944-4B5C-BFF7-742C8FD31D91} = {86E1BE95-12FB-4394-964C-3750B38DD553}
		{989A8A8D-9799-4F7F-AAAB-D3178E722C7C} = {5AF1B6E2-5AF8-4DDB-8A4C-05B37F15E1C5}
		{C3572DD6-D3E0-4560-9030-D9C57C1E413D} = {5AF1B6E2-5AF8-4DDB-8A4C-05B37F15E1C5}
		{B3852879-80D1-4456-AE18-D1BD472226B7} = {5AF1B6E2-5AF8-4DDB-8A4C-05B37F15E1C5}
	EndGlobalSection
	GlobalSection(ExtensibilityGlobals) = postSolution
		SolutionGuid = {1CA4AAF9-E20B-4279-BDE5-10C072CB979B}
	EndGlobalSection
	GlobalSection(TestCaseManagementSettings) = postSolution
		CategoryFile = consoleSamples.vsmdi
	EndGlobalSection
EndGlobal
